// !$*UTF8*$!
{
	archiveVersion = 1;
	classes = {
	};
	objectVersion = 71;
	objects = {

/* Begin PBXBuildFile section */
		EE7A41CB2F5CF7710044AF4C /* CHoshiDicts in Frameworks */ = {isa = PBXBuildFile; productRef = EE7A41CA2F5CF7710044AF4C /* CHoshiDicts */; };
		FB17114B296770CC00AD523D /* NukeUI in Frameworks */ = {isa = PBXBuildFile; productRef = FB17114A296770CC00AD523D /* NukeUI */; };
		FB2C83992E43F074003CA85F /* SwiftSoup in Frameworks */ = {isa = PBXBuildFile; productRef = FB2C83982E43F074003CA85F /* SwiftSoup */; };
		FB3737D12D17458400AB1551 /* AidokuRunner in Frameworks */ = {isa = PBXBuildFile; productRef = FB3737D02D17458400AB1551 /* AidokuRunner */; };
		FB4EEBE027A4F5C1005081A3 /* CloudKit.framework in Frameworks */ = {isa = PBXBuildFile; fileRef = FB4EEBDF27A4F5C1005081A3 /* CloudKit.framework */; };
		FB662EDE2DA816CF00007514 /* MarkdownUI in Frameworks */ = {isa = PBXBuildFile; productRef = FB662EDD2DA816CF00007514 /* MarkdownUI */; };
		FB7B7ED8278CE949001E6EAF /* ZIPFoundation in Frameworks */ = {isa = PBXBuildFile; productRef = FB7B7ED7278CE949001E6EAF /* ZIPFoundation */; };
		FBAED40C2E3A762800B81E74 /* SwiftUIIntrospect in Frameworks */ = {isa = PBXBuildFile; productRef = FBAED40B2E3A762800B81E74 /* SwiftUIIntrospect */; };
		FBBCB31D2E08D6B000ED5CAB /* Gifu in Frameworks */ = {isa = PBXBuildFile; productRef = FBBCB31C2E08D6B000ED5CAB /* Gifu */; };
		FBE53F0C29CC015E00899601 /* AsyncDisplayKit in Frameworks */ = {isa = PBXBuildFile; productRef = FBE53F0B29CC015E00899601 /* AsyncDisplayKit */; };
		FBFDF5F82DF799180064F603 /* AidokuRunner in Frameworks */ = {isa = PBXBuildFile; productRef = FBFDF5F72DF799180064F603 /* AidokuRunner */; };
/* End PBXBuildFile section */

/* Begin PBXContainerItemProxy section */
		FBB44E762EC635620032EFBB /* PBXContainerItemProxy */ = {
			isa = PBXContainerItemProxy;
			containerPortal = FB1B4826277CE18D0056D02C /* Project object */;
			proxyType = 1;
			remoteGlobalIDString = FB1B4834277CE1920056D02C;
			remoteInfo = "Aidoku (iOS)";
		};
/* End PBXContainerItemProxy section */

/* Begin PBXFileReference section */
		FB1B4835277CE1920056D02C /* Aidoku.app */ = {isa = PBXFileReference; explicitFileType = wrapper.application; includeInIndex = 0; path = Aidoku.app; sourceTree = BUILT_PRODUCTS_DIR; };
		FB4EEBDF27A4F5C1005081A3 /* CloudKit.framework */ = {isa = PBXFileReference; lastKnownFileType = wrapper.framework; name = CloudKit.framework; path = Platforms/iPhoneOS.platform/Developer/SDKs/iPhoneOS15.2.sdk/System/Library/Frameworks/CloudKit.framework; sourceTree = DEVELOPER_DIR; };
		FBB44E722EC635620032EFBB /* AidokuTests.xctest */ = {isa = PBXFileReference; explicitFileType = wrapper.cfbundle; includeInIndex = 0; path = AidokuTests.xctest; sourceTree = BUILT_PRODUCTS_DIR; };
/* End PBXFileReference section */

/* Begin PBXFileSystemSynchronizedBuildFileExceptionSet section */
		FB77CE44303A838C00DF3DA3 /* PBXFileSystemSynchronizedBuildFileExceptionSet */ = {
			isa = PBXFileSystemSynchronizedBuildFileExceptionSet;
			membershipExceptions = (
				Aidoku.xcconfig,
				Info.plist,
			);
			target = FB1B4834277CE1920056D02C /* Aidoku */;
		};
/* End PBXFileSystemSynchronizedBuildFileExceptionSet section */

/* Begin PBXFileSystemSynchronizedRootGroup section */
		FB77CD38303A838B00DF3DA3 /* Aidoku */ = {isa = PBXFileSystemSynchronizedRootGroup; exceptions = (FB77CE44303A838C00DF3DA3 /* PBXFileSystemSynchronizedBuildFileExceptionSet */, ); explicitFileTypes = {}; explicitFolders = (); path = Aidoku; sourceTree = "<group>"; };
		FBB44E732EC635620032EFBB /* AidokuTests */ = {isa = PBXFileSystemSynchronizedRootGroup; explicitFileTypes = {}; explicitFolders = (); path = AidokuTests; sourceTree = "<group>"; };
/* End PBXFileSystemSynchronizedRootGroup section */

/* Begin PBXFrameworksBuildPhase section */
		FB1B4832277CE1920056D02C /* Frameworks */ = {
			isa = PBXFrameworksBuildPhase;
			buildActionMask = 2147483647;
			files = (
				FB17114B296770CC00AD523D /* NukeUI in Frameworks */,
				FB662EDE2DA816CF00007514 /* MarkdownUI in Frameworks */,
				FB3737D12D17458400AB1551 /* AidokuRunner in Frameworks */,
				FBAED40C2E3A762800B81E74 /* SwiftUIIntrospect in Frameworks */,
				EE7A41CB2F5CF7710044AF4C /* CHoshiDicts in Frameworks */,
				FBFDF5F82DF799180064F603 /* AidokuRunner in Frameworks */,
				FB4EEBE027A4F5C1005081A3 /* CloudKit.framework in Frameworks */,
				FBBCB31D2E08D6B000ED5CAB /* Gifu in Frameworks */,
				FBE53F0C29CC015E00899601 /* AsyncDisplayKit in Frameworks */,
				FB7B7ED8278CE949001E6EAF /* ZIPFoundation in Frameworks */,
				FB2C83992E43F074003CA85F /* SwiftSoup in Frameworks */,
			);
			runOnlyForDeploymentPostprocessing = 0;
		};
		FBB44E6F2EC635620032EFBB /* Frameworks */ = {
			isa = PBXFrameworksBuildPhase;
			buildActionMask = 2147483647;
			files = (
			);
			runOnlyForDeploymentPostprocessing = 0;
		};
/* End PBXFrameworksBuildPhase section */

/* Begin PBXGroup section */
		FB1B4825277CE18D0056D02C = {
			isa = PBXGroup;
			children = (
				FB77CD38303A838B00DF3DA3 /* Aidoku */,
				FBB44E732EC635620032EFBB /* AidokuTests */,
				FB1B4836277CE1920056D02C /* Products */,
				FB1B4875277CE7FE0056D02C /* Frameworks */,
				FB82E9632BF07649006A9314 /* Recovered References */,
			);
			indentWidth = 4;
			sourceTree = "<group>";
			tabWidth = 4;
		};
		FB1B4836277CE1920056D02C /* Products */ = {
			isa = PBXGroup;
			children = (
				FB1B4835277CE1920056D02C /* Aidoku.app */,
				FBB44E722EC635620032EFBB /* AidokuTests.xctest */,
			);
			name = Products;
			sourceTree = "<group>";
		};
		FB1B4875277CE7FE0056D02C /* Frameworks */ = {
			isa = PBXGroup;
			children = (
				FB4EEBDF27A4F5C1005081A3 /* CloudKit.framework */,
			);
			name = Frameworks;
			sourceTree = "<group>";
		};
		FB82E9632BF07649006A9314 /* Recovered References */ = {
			isa = PBXGroup;
			children = (
			);
			name = "Recovered References";
			sourceTree = "<group>";
		};
/* End PBXGroup section */

/* Begin PBXNativeTarget section */
		FB1B4834277CE1920056D02C /* Aidoku */ = {
			isa = PBXNativeTarget;
			buildConfigurationList = FB1B484A277CE1920056D02C /* Build configuration list for PBXNativeTarget "Aidoku" */;
			buildPhases = (
				FB1B4831277CE1920056D02C /* Sources */,
				FB1B4832277CE1920056D02C /* Frameworks */,
				FB1B4833277CE1920056D02C /* Resources */,
				FBED233627C3C4D70095D0C0 /* ShellScript */,
			);
			buildRules = (
			);
			dependencies = (
			);
			fileSystemSynchronizedGroups = (
				FB77CD38303A838B00DF3DA3 /* Aidoku */,
			);
			name = Aidoku;
			packageProductDependencies = (
				FB7B7ED7278CE949001E6EAF /* ZIPFoundation */,
				FB17114A296770CC00AD523D /* NukeUI */,
				FBE53F0B29CC015E00899601 /* AsyncDisplayKit */,
				FB3737D02D17458400AB1551 /* AidokuRunner */,
				FB662EDD2DA816CF00007514 /* MarkdownUI */,
				FBFDF5F72DF799180064F603 /* AidokuRunner */,
				FBBCB31C2E08D6B000ED5CAB /* Gifu */,
				FBAED40B2E3A762800B81E74 /* SwiftUIIntrospect */,
				FB2C83982E43F074003CA85F /* SwiftSoup */,
				EE7A41CA2F5CF7710044AF4C /* CHoshiDicts */,
			);
			productName = "Aidoku (iOS)";
			productReference = FB1B4835277CE1920056D02C /* Aidoku.app */;
			productType = "com.apple.product-type.application";
		};
		FBB44E712EC635620032EFBB /* AidokuTests */ = {
			isa = PBXNativeTarget;
			buildConfigurationList = FBB44E782EC635620032EFBB /* Build configuration list for PBXNativeTarget "AidokuTests" */;
			buildPhases = (
				FBB44E6E2EC635620032EFBB /* Sources */,
				FBB44E6F2EC635620032EFBB /* Frameworks */,
				FBB44E702EC635620032EFBB /* Resources */,
			);
			buildRules = (
			);
			dependencies = (
				FBB44E772EC635620032EFBB /* PBXTargetDependency */,
			);
			fileSystemSynchronizedGroups = (
				FBB44E732EC635620032EFBB /* AidokuTests */,
			);
			name = AidokuTests;
			packageProductDependencies = (
			);
			productName = AidokuTests;
			productReference = FBB44E722EC635620032EFBB /* AidokuTests.xctest */;
			productType = "com.apple.product-type.bundle.unit-test";
		};
/* End PBXNativeTarget section */

/* Begin PBXProject section */
		FB1B4826277CE18D0056D02C /* Project object */ = {
			isa = PBXProject;
			attributes = {
				BuildIndependentTargetsInParallel = 1;
				LastSwiftUpdateCheck = 2600;
				LastUpgradeCheck = 2700;
				TargetAttributes = {
					FB1B4834277CE1920056D02C = {
						CreatedOnToolsVersion = 13.2.1;
						LastSwiftMigration = 1340;
					};
					FBB44E712EC635620032EFBB = {
						CreatedOnToolsVersion = 26.0;
						TestTargetID = FB1B4834277CE1920056D02C;
					};
				};
			};
			buildConfigurationList = FB1B4829277CE18D0056D02C /* Build configuration list for PBXProject "Aidoku" */;
			compatibilityVersion = "Xcode 13.0";
			developmentRegion = en;
			hasScannedForEncodings = 0;
			knownRegions = (
				en,
				ja,
				es,
				ar,
				"pt-BR",
				Base,
				"zh-Hans",
				vi,
				fr,
				de,
				it,
				eo,
				ka,
				he,
				hi,
				ko,
				"nb-NO",
				pl,
				ru,
				ur,
				"zh-Hant",
				id,
				af,
				cs,
				hr,
				uk,
				tr,
				ro,
				bg,
				hu,
				el,
				pt,
				sv,
				ml,
				nl,
				sr,
				km,
				sw,
				th,
				ne,
				sq,
				ta,
			);
			mainGroup = FB1B4825277CE18D0056D02C;
			packageReferences = (
				FB7B7ED6278CE949001E6EAF /* XCRemoteSwiftPackageReference "ZIPFoundation" */,
				FB171149296770CC00AD523D /* XCRemoteSwiftPackageReference "Nuke" */,
				FBE53F0A29CC015E00899601 /* XCRemoteSwiftPackageReference "Texture" */,
				FB662EDC2DA816CF00007514 /* XCRemoteSwiftPackageReference "swift-markdown-ui" */,
				FBFDF5F62DF799180064F603 /* XCRemoteSwiftPackageReference "AidokuRunner" */,
				FBBCB31B2E08D6AF00ED5CAB /* XCRemoteSwiftPackageReference "Gifu" */,
				FBAED40A2E3A762800B81E74 /* XCRemoteSwiftPackageReference "swiftui-introspect" */,
				FB2C83972E43F074003CA85F /* XCRemoteSwiftPackageReference "SwiftSoup" */,
				EE7A41EF2F5D20000044AF4C /* XCRemoteSwiftPackageReference "hoshidicts" */,
			);
			productRefGroup = FB1B4836277CE1920056D02C /* Products */;
			projectDirPath = "";
			projectRoot = "";
			targets = (
				FB1B4834277CE1920056D02C /* Aidoku */,
				FBB44E712EC635620032EFBB /* AidokuTests */,
			);
		};
/* End PBXProject section */

/* Begin PBXResourcesBuildPhase section */
		FB1B4833277CE1920056D02C /* Resources */ = {
			isa = PBXResourcesBuildPhase;
			buildActionMask = 2147483647;
			files = (
			);
			runOnlyForDeploymentPostprocessing = 0;
		};
		FBB44E702EC635620032EFBB /* Resources */ = {
			isa = PBXResourcesBuildPhase;
			buildActionMask = 2147483647;
			files = (
			);
			runOnlyForDeploymentPostprocessing = 0;
		};
/* End PBXResourcesBuildPhase section */

/* Begin PBXShellScriptBuildPhase section */
		FBED233627C3C4D70095D0C0 /* ShellScript */ = {
			isa = PBXShellScriptBuildPhase;
			alwaysOutOfDate = 1;
			buildActionMask = 12;
			files = (
			);
			inputFileListPaths = (
			);
			inputPaths = (
			);
			outputFileListPaths = (
			);
			outputPaths = (
			);
			runOnlyForDeploymentPostprocessing = 0;
			shellPath = /bin/sh;
			shellScript = "export PATH=\"$PATH:/opt/homebrew/bin\"\n\nif which swiftlint >/dev/null; then\n  swiftlint\nelse\n  echo \"warning: SwiftLint not installed, download from https://github.com/realm/SwiftLint\"\nfi\n";
		};
/* End PBXShellScriptBuildPhase section */

/* Begin PBXSourcesBuildPhase section */
		FB1B4831277CE1920056D02C /* Sources */ = {
			isa = PBXSourcesBuildPhase;
			buildActionMask = 2147483647;
			files = (
			);
			runOnlyForDeploymentPostprocessing = 0;
		};
		FBB44E6E2EC635620032EFBB /* Sources */ = {
			isa = PBXSourcesBuildPhase;
			buildActionMask = 2147483647;
			files = (
			);
			runOnlyForDeploymentPostprocessing = 0;
		};
/* End PBXSourcesBuildPhase section */

/* Begin PBXTargetDependency section */
		FBB44E772EC635620032EFBB /* PBXTargetDependency */ = {
			isa = PBXTargetDependency;
			target = FB1B4834277CE1920056D02C /* Aidoku */;
			targetProxy = FBB44E762EC635620032EFBB /* PBXContainerItemProxy */;
		};
/* End PBXTargetDependency section */

/* Begin XCBuildConfiguration section */
		FB1B4848277CE1920056D02C /* Debug */ = {
			isa = XCBuildConfiguration;
			buildSettings = {
				ALWAYS_SEARCH_USER_PATHS = NO;
				ASSETCATALOG_COMPILER_GENERATE_SWIFT_ASSET_SYMBOL_EXTENSIONS = YES;
				CLANG_ANALYZER_LOCALIZABILITY_NONLOCALIZED = YES;
				CLANG_ANALYZER_NONNULL = YES;
				CLANG_ANALYZER_NUMBER_OBJECT_CONVERSION = YES_AGGRESSIVE;
				CLANG_CXX_LANGUAGE_STANDARD = "gnu++17";
				CLANG_CXX_LIBRARY = "libc++";
				CLANG_ENABLE_MODULES = YES;
				CLANG_ENABLE_OBJC_ARC = YES;
				CLANG_ENABLE_OBJC_WEAK = YES;
				CLANG_WARN_BLOCK_CAPTURE_AUTORELEASING = YES;
				CLANG_WARN_BOOL_CONVERSION = YES;
				CLANG_WARN_COMMA = YES;
				CLANG_WARN_CONSTANT_CONVERSION = YES;
				CLANG_WARN_DEPRECATED_OBJC_IMPLEMENTATIONS = YES;
				CLANG_WARN_DIRECT_OBJC_ISA_USAGE = YES_ERROR;
				CLANG_WARN_DOCUMENTATION_COMMENTS = YES;
				CLANG_WARN_EMPTY_BODY = YES;
				CLANG_WARN_ENUM_CONVERSION = YES;
				CLANG_WARN_INFINITE_RECURSION = YES;
				CLANG_WARN_INT_CONVERSION = YES;
				CLANG_WARN_NON_LITERAL_NULL_CONVERSION = YES;
				CLANG_WARN_OBJC_IMPLICIT_RETAIN_SELF = YES;
				CLANG_WARN_OBJC_LITERAL_CONVERSION = YES;
				CLANG_WARN_OBJC_ROOT_CLASS = YES_ERROR;
				CLANG_WARN_QUOTED_INCLUDE_IN_FRAMEWORK_HEADER = YES;
				CLANG_WARN_RANGE_LOOP_ANALYSIS = YES;
				CLANG_WARN_STRICT_PROTOTYPES = YES;
				CLANG_WARN_SUSPICIOUS_MOVE = YES;
				CLANG_WARN_UNGUARDED_AVAILABILITY = YES_AGGRESSIVE;
				CLANG_WARN_UNREACHABLE_CODE = YES;
				CLANG_WARN__DUPLICATE_METHOD_MATCH = YES;
				COPY_PHASE_STRIP = NO;
				DEAD_CODE_STRIPPING = YES;
				DEBUG_INFORMATION_FORMAT = dwarf;
				DEVELOPMENT_TEAM = 648WP6YBU2;
				ENABLE_STRICT_OBJC_MSGSEND = YES;
				ENABLE_TESTABILITY = YES;
				ENABLE_USER_SCRIPT_SANDBOXING = NO;
				GCC_C_LANGUAGE_STANDARD = gnu11;
				GCC_DYNAMIC_NO_PIC = NO;
				GCC_NO_COMMON_BLOCKS = YES;
				GCC_OPTIMIZATION_LEVEL = 0;
				GCC_PREPROCESSOR_DEFINITIONS = (
					"DEBUG=1",
					"$(inherited)",
				);
				GCC_WARN_64_TO_32_BIT_CONVERSION = YES;
				GCC_WARN_ABOUT_RETURN_TYPE = YES_ERROR;
				GCC_WARN_UNDECLARED_SELECTOR = YES;
				GCC_WARN_UNINITIALIZED_AUTOS = YES_AGGRESSIVE;
				GCC_WARN_UNUSED_FUNCTION = YES;
				GCC_WARN_UNUSED_VARIABLE = YES;
				MTL_ENABLE_DEBUG_INFO = INCLUDE_SOURCE;
				MTL_FAST_MATH = YES;
				ONLY_ACTIVE_ARCH = YES;
				STRING_CATALOG_GENERATE_SYMBOLS = YES;
				SWIFT_ACTIVE_COMPILATION_CONDITIONS = DEBUG;
				SWIFT_OBJC_INTEROP_MODE = objcxx;
				SWIFT_OPTIMIZATION_LEVEL = "-Onone";
				SWIFT_UPCOMING_FEATURE_INFER_SENDABLE_FROM_CAPTURES = YES;
			};
			name = Debug;
		};
		FB1B4849277CE1920056D02C /* Release */ = {
			isa = XCBuildConfiguration;
			buildSettings = {
				ALWAYS_SEARCH_USER_PATHS = NO;
				ASSETCATALOG_COMPILER_GENERATE_SWIFT_ASSET_SYMBOL_EXTENSIONS = YES;
				CLANG_ANALYZER_LOCALIZABILITY_NONLOCALIZED = YES;
				CLANG_ANALYZER_NONNULL = YES;
				CLANG_ANALYZER_NUMBER_OBJECT_CONVERSION = YES_AGGRESSIVE;
				CLANG_CXX_LANGUAGE_STANDARD = "gnu++17";
				CLANG_CXX_LIBRARY = "libc++";
				CLANG_ENABLE_MODULES = YES;
				CLANG_ENABLE_OBJC_ARC = YES;
				CLANG_ENABLE_OBJC_WEAK = YES;
				CLANG_WARN_BLOCK_CAPTURE_AUTORELEASING = YES;
				CLANG_WARN_BOOL_CONVERSION = YES;
				CLANG_WARN_COMMA = YES;
				CLANG_WARN_CONSTANT_CONVERSION = YES;
				CLANG_WARN_DEPRECATED_OBJC_IMPLEMENTATIONS = YES;
				CLANG_WARN_DIRECT_OBJC_ISA_USAGE = YES_ERROR;
				CLANG_WARN_DOCUMENTATION_COMMENTS = YES;
				CLANG_WARN_EMPTY_BODY = YES;
				CLANG_WARN_ENUM_CONVERSION = YES;
				CLANG_WARN_INFINITE_RECURSION = YES;
				CLANG_WARN_INT_CONVERSION = YES;
				CLANG_WARN_NON_LITERAL_NULL_CONVERSION = YES;
				CLANG_WARN_OBJC_IMPLICIT_RETAIN_SELF = YES;
				CLANG_WARN_OBJC_LITERAL_CONVERSION = YES;
				CLANG_WARN_OBJC_ROOT_CLASS = YES_ERROR;
				CLANG_WARN_QUOTED_INCLUDE_IN_FRAMEWORK_HEADER = YES;
				CLANG_WARN_RANGE_LOOP_ANALYSIS = YES;
				CLANG_WARN_STRICT_PROTOTYPES = YES;
				CLANG_WARN_SUSPICIOUS_MOVE = YES;
				CLANG_WARN_UNGUARDED_AVAILABILITY = YES_AGGRESSIVE;
				CLANG_WARN_UNREACHABLE_CODE = YES;
				CLANG_WARN__DUPLICATE_METHOD_MATCH = YES;
				COPY_PHASE_STRIP = NO;
				DEAD_CODE_STRIPPING = YES;
				DEBUG_INFORMATION_FORMAT = "dwarf-with-dsym";
				DEVELOPMENT_TEAM = 648WP6YBU2;
				ENABLE_NS_ASSERTIONS = NO;
				ENABLE_STRICT_OBJC_MSGSEND = YES;
				ENABLE_USER_SCRIPT_SANDBOXING = NO;
				GCC_C_LANGUAGE_STANDARD = gnu11;
				GCC_NO_COMMON_BLOCKS = YES;
				GCC_WARN_64_TO_32_BIT_CONVERSION = YES;
				GCC_WARN_ABOUT_RETURN_TYPE = YES_ERROR;
				GCC_WARN_UNDECLARED_SELECTOR = YES;
				GCC_WARN_UNINITIALIZED_AUTOS = YES_AGGRESSIVE;
				GCC_WARN_UNUSED_FUNCTION = YES;
				GCC_WARN_UNUSED_VARIABLE = YES;
				MTL_ENABLE_DEBUG_INFO = NO;
				MTL_FAST_MATH = YES;
				STRING_CATALOG_GENERATE_SYMBOLS = YES;
				SWIFT_COMPILATION_MODE = wholemodule;
				SWIFT_OBJC_INTEROP_MODE = objcxx;
				SWIFT_OPTIMIZATION_LEVEL = "-O";
				SWIFT_UPCOMING_FEATURE_INFER_SENDABLE_FROM_CAPTURES = YES;
			};
			name = Release;
		};
		FB1B484B277CE1920056D02C /* Debug */ = {
			isa = XCBuildConfiguration;
			baseConfigurationReferenceAnchor = FB77CD38303A838B00DF3DA3 /* Aidoku */;
			baseConfigurationReferenceRelativePath = Aidoku.xcconfig;
			buildSettings = {
				ASSETCATALOG_COMPILER_APPICON_NAME = AppIcon;
				ASSETCATALOG_COMPILER_GLOBAL_ACCENT_COLOR_NAME = AccentColor;
				ASSETCATALOG_COMPILER_INCLUDE_ALL_APPICON_ASSETS = YES;
				ASSETCATALOG_OTHER_FLAGS = "--enable-icon-stack-fallback-generation=disabled";
				CLANG_ENABLE_MODULES = YES;
				CODE_SIGN_ENTITLEMENTS = Aidoku/Aidoku.entitlements;
				CODE_SIGN_IDENTITY = "Apple Development";
				CODE_SIGN_STYLE = Automatic;
				CURRENT_PROJECT_VERSION = 2;
				ENABLE_PREVIEWS = YES;
				GENERATE_INFOPLIST_FILE = YES;
				INFOPLIST_FILE = Aidoku/Info.plist;
				INFOPLIST_KEY_CFBundleDisplayName = Aidoku;
				INFOPLIST_KEY_ITSAppUsesNonExemptEncryption = NO;
				INFOPLIST_KEY_LSSupportsOpeningDocumentsInPlace = NO;
				INFOPLIST_KEY_NSFaceIDUsageDescription = "Aidoku needs FaceID permissions for user-defined settings";
				INFOPLIST_KEY_NSLocalNetworkUsageDescription = "Aidoku needs permission to connect to local Komga and Kavita servers";
				INFOPLIST_KEY_NSPhotoLibraryUsageDescription = "Aidoku needs permission to save pages in your photo library";
				INFOPLIST_KEY_UIApplicationSupportsIndirectInputEvents = YES;
				INFOPLIST_KEY_UILaunchScreen_Generation = YES;
				INFOPLIST_KEY_UISupportedInterfaceOrientations = "UIInterfaceOrientationLandscapeLeft UIInterfaceOrientationLandscapeRight UIInterfaceOrientationPortrait";
				INFOPLIST_KEY_UISupportedInterfaceOrientations_iPad = "UIInterfaceOrientationLandscapeLeft UIInterfaceOrientationLandscapeRight UIInterfaceOrientationPortrait UIInterfaceOrientationPortraitUpsideDown";
				INFOPLIST_KEY_UISupportsDocumentBrowser = YES;
				IPHONEOS_DEPLOYMENT_TARGET = 15.0;
				LD_RUNPATH_SEARCH_PATHS = (
					"$(inherited)",
					"@executable_path/Frameworks",
				);
				MARKETING_VERSION = 0.9;
				PRODUCT_NAME = Aidoku;
				PROVISIONING_PROFILE_SPECIFIER = "";
				SDKROOT = iphoneos;
				SWIFT_EMIT_LOC_STRINGS = YES;
				SWIFT_OPTIMIZATION_LEVEL = "-Onone";
				SWIFT_VERSION = 5.0;
				TARGETED_DEVICE_FAMILY = "1,2";
			};
			name = Debug;
		};
		FB1B484C277CE1920056D02C /* Release */ = {
			isa = XCBuildConfiguration;
			baseConfigurationReferenceAnchor = FB77CD38303A838B00DF3DA3 /* Aidoku */;
			baseConfigurationReferenceRelativePath = Aidoku.xcconfig;
			buildSettings = {
				ASSETCATALOG_COMPILER_APPICON_NAME = AppIcon;
				ASSETCATALOG_COMPILER_GLOBAL_ACCENT_COLOR_NAME = AccentColor;
				ASSETCATALOG_COMPILER_INCLUDE_ALL_APPICON_ASSETS = YES;
				ASSETCATALOG_OTHER_FLAGS = "--enable-icon-stack-fallback-generation=disabled";
				CLANG_ENABLE_MODULES = YES;
				CODE_SIGN_ENTITLEMENTS = Aidoku/Aidoku.entitlements;
				CODE_SIGN_IDENTITY = "Apple Development";
				CODE_SIGN_STYLE = Automatic;
				CURRENT_PROJECT_VERSION = 2;
				ENABLE_PREVIEWS = YES;
				GENERATE_INFOPLIST_FILE = YES;
				INFOPLIST_FILE = Aidoku/Info.plist;
				INFOPLIST_KEY_CFBundleDisplayName = Aidoku;
				INFOPLIST_KEY_ITSAppUsesNonExemptEncryption = NO;
				INFOPLIST_KEY_LSSupportsOpeningDocumentsInPlace = NO;
				INFOPLIST_KEY_NSFaceIDUsageDescription = "Aidoku needs FaceID permissions for user-defined settings";
				INFOPLIST_KEY_NSLocalNetworkUsageDescription = "Aidoku needs permission to connect to local Komga and Kavita servers";
				INFOPLIST_KEY_NSPhotoLibraryUsageDescription = "Aidoku needs permission to save pages in your photo library";
				INFOPLIST_KEY_UIApplicationSupportsIndirectInputEvents = YES;
				INFOPLIST_KEY_UILaunchScreen_Generation = YES;
				INFOPLIST_KEY_UISupportedInterfaceOrientations = "UIInterfaceOrientationLandscapeLeft UIInterfaceOrientationLandscapeRight UIInterfaceOrientationPortrait";
				INFOPLIST_KEY_UISupportedInterfaceOrientations_iPad = "UIInterfaceOrientationLandscapeLeft UIInterfaceOrientationLandscapeRight UIInterfaceOrientationPortrait UIInterfaceOrientationPortraitUpsideDown";
				INFOPLIST_KEY_UISupportsDocumentBrowser = YES;
				IPHONEOS_DEPLOYMENT_TARGET = 15.0;
				LD_RUNPATH_SEARCH_PATHS = (
					"$(inherited)",
					"@executable_path/Frameworks",
				);
				MARKETING_VERSION = 0.9;
				PRODUCT_NAME = Aidoku;
				PROVISIONING_PROFILE_SPECIFIER = "";
				SDKROOT = iphoneos;
				SWIFT_EMIT_LOC_STRINGS = YES;
				SWIFT_VERSION = 5.0;
				TARGETED_DEVICE_FAMILY = "1,2";
				VALIDATE_PRODUCT = YES;
			};
			name = Release;
		};
		FBB44E792EC635620032EFBB /* Debug */ = {
			isa = XCBuildConfiguration;
			buildSettings = {
				BUNDLE_LOADER = "$(TEST_HOST)";
				CLANG_CXX_LANGUAGE_STANDARD = "gnu++20";
				CODE_SIGN_STYLE = Automatic;
				CURRENT_PROJECT_VERSION = 1;
				ENABLE_USER_SCRIPT_SANDBOXING = YES;
				GCC_C_LANGUAGE_STANDARD = gnu17;
				GENERATE_INFOPLIST_FILE = YES;
				IPHONEOS_DEPLOYMENT_TARGET = 26.0;
				LOCALIZATION_PREFERS_STRING_CATALOGS = YES;
				MACOSX_DEPLOYMENT_TARGET = 26.0;
				MARKETING_VERSION = 1.0;
				PRODUCT_BUNDLE_IDENTIFIER = app.aidoku.AidokuTests;
				PRODUCT_NAME = "$(TARGET_NAME)";
				SDKROOT = auto;
				STRING_CATALOG_GENERATE_SYMBOLS = NO;
				SUPPORTED_PLATFORMS = "iphoneos iphonesimulator macosx xros xrsimulator";
				SWIFT_ACTIVE_COMPILATION_CONDITIONS = "DEBUG $(inherited)";
				SWIFT_APPROACHABLE_CONCURRENCY = YES;
				SWIFT_EMIT_LOC_STRINGS = NO;
				SWIFT_UPCOMING_FEATURE_MEMBER_IMPORT_VISIBILITY = YES;
				SWIFT_VERSION = 5.0;
				TARGETED_DEVICE_FAMILY = "1,2,7";
				TEST_HOST = "$(BUILT_PRODUCTS_DIR)/Aidoku.app/$(BUNDLE_EXECUTABLE_FOLDER_PATH)/Aidoku";
				XROS_DEPLOYMENT_TARGET = 26.0;
			};
			name = Debug;
		};
		FBB44E7A2EC635620032EFBB /* Release */ = {
			isa = XCBuildConfiguration;
			buildSettings = {
				BUNDLE_LOADER = "$(TEST_HOST)";
				CLANG_CXX_LANGUAGE_STANDARD = "gnu++20";
				CODE_SIGN_STYLE = Automatic;
				CURRENT_PROJECT_VERSION = 1;
				ENABLE_USER_SCRIPT_SANDBOXING = YES;
				GCC_C_LANGUAGE_STANDARD = gnu17;
				GENERATE_INFOPLIST_FILE = YES;
				IPHONEOS_DEPLOYMENT_TARGET = 26.0;
				LOCALIZATION_PREFERS_STRING_CATALOGS = YES;
				MACOSX_DEPLOYMENT_TARGET = 26.0;
				MARKETING_VERSION = 1.0;
				PRODUCT_BUNDLE_IDENTIFIER = app.aidoku.AidokuTests;
				PRODUCT_NAME = "$(TARGET_NAME)";
				SDKROOT = auto;
				STRING_CATALOG_GENERATE_SYMBOLS = NO;
				SUPPORTED_PLATFORMS = "iphoneos iphonesimulator macosx xros xrsimulator";
				SWIFT_APPROACHABLE_CONCURRENCY = YES;
				SWIFT_EMIT_LOC_STRINGS = NO;
				SWIFT_UPCOMING_FEATURE_MEMBER_IMPORT_VISIBILITY = YES;
				SWIFT_VERSION = 5.0;
				TARGETED_DEVICE_FAMILY = "1,2,7";
				TEST_HOST = "$(BUILT_PRODUCTS_DIR)/Aidoku.app/$(BUNDLE_EXECUTABLE_FOLDER_PATH)/Aidoku";
				XROS_DEPLOYMENT_TARGET = 26.0;
			};
			name = Release;
		};
/* End XCBuildConfiguration section */

/* Begin XCConfigurationList section */
		FB1B4829277CE18D0056D02C /* Build configuration list for PBXProject "Aidoku" */ = {
			isa = XCConfigurationList;
			buildConfigurations = (
				FB1B4848277CE1920056D02C /* Debug */,
				FB1B4849277CE1920056D02C /* Release */,
			);
			defaultConfigurationIsVisible = 0;
			defaultConfigurationName = Release;
		};
		FB1B484A277CE1920056D02C /* Build configuration list for PBXNativeTarget "Aidoku" */ = {
			isa = XCConfigurationList;
			buildConfigurations = (
				FB1B484B277CE1920056D02C /* Debug */,
				FB1B484C277CE1920056D02C /* Release */,
			);
			defaultConfigurationIsVisible = 0;
			defaultConfigurationName = Release;
		};
		FBB44E782EC635620032EFBB /* Build configuration list for PBXNativeTarget "AidokuTests" */ = {
			isa = XCConfigurationList;
			buildConfigurations = (
				FBB44E792EC635620032EFBB /* Debug */,
				FBB44E7A2EC635620032EFBB /* Release */,
			);
			defaultConfigurationIsVisible = 0;
			defaultConfigurationName = Release;
		};
/* End XCConfigurationList section */

/* Begin XCRemoteSwiftPackageReference section */
		EE7A41EF2F5D20000044AF4C /* XCRemoteSwiftPackageReference "hoshidicts" */ = {
			isa = XCRemoteSwiftPackageReference;
			repositoryURL = "https://github.com/Manhhao/hoshidicts.git";
			requirement = {
				branch = main;
				kind = branch;
			};
		};
		FB171149296770CC00AD523D /* XCRemoteSwiftPackageReference "Nuke" */ = {
			isa = XCRemoteSwiftPackageReference;
			repositoryURL = "https://github.com/kean/Nuke";
			requirement = {
				kind = upToNextMajorVersion;
				minimumVersion = 13.0.0;
			};
		};
		FB2C83972E43F074003CA85F /* XCRemoteSwiftPackageReference "SwiftSoup" */ = {
			isa = XCRemoteSwiftPackageReference;
			repositoryURL = "https://github.com/scinfu/SwiftSoup";
			requirement = {
				kind = upToNextMajorVersion;
				minimumVersion = 2.10.1;
			};
		};
		FB662EDC2DA816CF00007514 /* XCRemoteSwiftPackageReference "swift-markdown-ui" */ = {
			isa = XCRemoteSwiftPackageReference;
			repositoryURL = "https://github.com/gonzalezreal/swift-markdown-ui";
			requirement = {
				kind = upToNextMajorVersion;
				minimumVersion = 2.4.1;
			};
		};
		FB7B7ED6278CE949001E6EAF /* XCRemoteSwiftPackageReference "ZIPFoundation" */ = {
			isa = XCRemoteSwiftPackageReference;
			repositoryURL = "https://github.com/weichsel/ZIPFoundation.git";
			requirement = {
				kind = upToNextMajorVersion;
				minimumVersion = 0.9.9;
			};
		};
		FBAED40A2E3A762800B81E74 /* XCRemoteSwiftPackageReference "swiftui-introspect" */ = {
			isa = XCRemoteSwiftPackageReference;
			repositoryURL = "https://github.com/siteline/swiftui-introspect";
			requirement = {
				kind = revision;
				revision = d2987affc5482a94d94aa730914aa26b124648a6;
			};
		};
		FBBCB31B2E08D6AF00ED5CAB /* XCRemoteSwiftPackageReference "Gifu" */ = {
			isa = XCRemoteSwiftPackageReference;
			repositoryURL = "https://github.com/kaishin/Gifu.git";
			requirement = {
				kind = upToNextMajorVersion;
				minimumVersion = 3.4.0;
			};
		};
		FBE53F0A29CC015E00899601 /* XCRemoteSwiftPackageReference "Texture" */ = {
			isa = XCRemoteSwiftPackageReference;
			repositoryURL = "https://github.com/Skittyblock/Texture.git";
			requirement = {
				kind = upToNextMajorVersion;
				minimumVersion = 3.1.1;
			};
		};
		FBFDF5F62DF799180064F603 /* XCRemoteSwiftPackageReference "AidokuRunner" */ = {
			isa = XCRemoteSwiftPackageReference;
			repositoryURL = "https://github.com/Aidoku/AidokuRunner";
			requirement = {
				branch = main;
				kind = branch;
			};
		};
/* End XCRemoteSwiftPackageReference section */

/* Begin XCSwiftPackageProductDependency section */
		EE7A41CA2F5CF7710044AF4C /* CHoshiDicts */ = {
			isa = XCSwiftPackageProductDependency;
			package = EE7A41EF2F5D20000044AF4C /* XCRemoteSwiftPackageReference "hoshidicts" */;
			productName = CHoshiDicts;
		};
		FB17114A296770CC00AD523D /* NukeUI */ = {
			isa = XCSwiftPackageProductDependency;
			package = FB171149296770CC00AD523D /* XCRemoteSwiftPackageReference "Nuke" */;
			productName = NukeUI;
		};
		FB2C83982E43F074003CA85F /* SwiftSoup */ = {
			isa = XCSwiftPackageProductDependency;
			package = FB2C83972E43F074003CA85F /* XCRemoteSwiftPackageReference "SwiftSoup" */;
			productName = SwiftSoup;
		};
		FB3737D02D17458400AB1551 /* AidokuRunner */ = {
			isa = XCSwiftPackageProductDependency;
			productName = AidokuRunner;
		};
		FB662EDD2DA816CF00007514 /* MarkdownUI */ = {
			isa = XCSwiftPackageProductDependency;
			package = FB662EDC2DA816CF00007514 /* XCRemoteSwiftPackageReference "swift-markdown-ui" */;
			productName = MarkdownUI;
		};
		FB7B7ED7278CE949001E6EAF /* ZIPFoundation */ = {
			isa = XCSwiftPackageProductDependency;
			package = FB7B7ED6278CE949001E6EAF /* XCRemoteSwiftPackageReference "ZIPFoundation" */;
			productName = ZIPFoundation;
		};
		FBAED40B2E3A762800B81E74 /* SwiftUIIntrospect */ = {
			isa = XCSwiftPackageProductDependency;
			package = FBAED40A2E3A762800B81E74 /* XCRemoteSwiftPackageReference "swiftui-introspect" */;
			productName = SwiftUIIntrospect;
		};
		FBBCB31C2E08D6B000ED5CAB /* Gifu */ = {
			isa = XCSwiftPackageProductDependency;
			package = FBBCB31B2E08D6AF00ED5CAB /* XCRemoteSwiftPackageReference "Gifu" */;
			productName = Gifu;
		};
		FBE53F0B29CC015E00899601 /* AsyncDisplayKit */ = {
			isa = XCSwiftPackageProductDependency;
			package = FBE53F0A29CC015E00899601 /* XCRemoteSwiftPackageReference "Texture" */;
			productName = AsyncDisplayKit;
		};
		FBFDF5F72DF799180064F603 /* AidokuRunner */ = {
			isa = XCSwiftPackageProductDependency;
			package = FBFDF5F62DF799180064F603 /* XCRemoteSwiftPackageReference "AidokuRunner" */;
			productName = AidokuRunner;
		};
/* End XCSwiftPackageProductDependency section */
	};
	rootObject = FB1B4826277CE18D0056D02C /* Project object */;
}
