// !$*UTF8*$!
{
	archiveVersion = 1;
	classes = {
	};
	objectVersion = 55;
	objects = {

/* Begin PBXBuildFile section */
		0C807DDD27D47C2D0042EE7B /* CircularProgressView.swift in Sources */ = {isa = PBXBuildFile; fileRef = 0C807DDC27D47C2D0042EE7B /* CircularProgressView.swift */; };
		FB11EDEF2784B0690007365D /* Volume.swift in Sources */ = {isa = PBXBuildFile; fileRef = FB11EDEE2784B0690007365D /* Volume.swift */; };
		FB11EDF02784B0690007365D /* Volume.swift in Sources */ = {isa = PBXBuildFile; fileRef = FB11EDEE2784B0690007365D /* Volume.swift */; };
		FB1B483E277CE1920056D02C /* Aidoku.xcdatamodeld in Sources */ = {isa = PBXBuildFile; fileRef = FB1B482B277CE18D0056D02C /* Aidoku.xcdatamodeld */; };
		FB1B483F277CE1920056D02C /* Aidoku.xcdatamodeld in Sources */ = {isa = PBXBuildFile; fileRef = FB1B482B277CE18D0056D02C /* Aidoku.xcdatamodeld */; };
		FB1B4841277CE1920056D02C /* AidokuApp.swift in Sources */ = {isa = PBXBuildFile; fileRef = FB1B482D277CE18D0056D02C /* AidokuApp.swift */; };
		FB1B4846277CE1920056D02C /* Assets.xcassets in Resources */ = {isa = PBXBuildFile; fileRef = FB1B4830277CE1920056D02C /* Assets.xcassets */; };
		FB1B4847277CE1920056D02C /* Assets.xcassets in Resources */ = {isa = PBXBuildFile; fileRef = FB1B4830277CE1920056D02C /* Assets.xcassets */; };
		FB1B4853277CE4510056D02C /* AppDelegate.swift in Sources */ = {isa = PBXBuildFile; fileRef = FB1B4852277CE4510056D02C /* AppDelegate.swift */; };
		FB1B4856277CE5560056D02C /* SceneDelegate.swift in Sources */ = {isa = PBXBuildFile; fileRef = FB1B4855277CE5560056D02C /* SceneDelegate.swift */; };
		FB1B485D277CE6600056D02C /* DataManager.swift in Sources */ = {isa = PBXBuildFile; fileRef = FB1B485C277CE6600056D02C /* DataManager.swift */; };
		FB1B485E277CE6600056D02C /* DataManager.swift in Sources */ = {isa = PBXBuildFile; fileRef = FB1B485C277CE6600056D02C /* DataManager.swift */; };
		FB1B4866277CE76B0056D02C /* Chapter.swift in Sources */ = {isa = PBXBuildFile; fileRef = FB1B4863277CE76A0056D02C /* Chapter.swift */; };
		FB1B4867277CE76B0056D02C /* Chapter.swift in Sources */ = {isa = PBXBuildFile; fileRef = FB1B4863277CE76A0056D02C /* Chapter.swift */; };
		FB1B4868277CE76B0056D02C /* Manga.swift in Sources */ = {isa = PBXBuildFile; fileRef = FB1B4864277CE76A0056D02C /* Manga.swift */; };
		FB1B4869277CE76B0056D02C /* Manga.swift in Sources */ = {isa = PBXBuildFile; fileRef = FB1B4864277CE76A0056D02C /* Manga.swift */; };
		FB1B486A277CE76B0056D02C /* Page.swift in Sources */ = {isa = PBXBuildFile; fileRef = FB1B4865277CE76A0056D02C /* Page.swift */; };
		FB1B486B277CE76B0056D02C /* Page.swift in Sources */ = {isa = PBXBuildFile; fileRef = FB1B4865277CE76A0056D02C /* Page.swift */; };
		FB1B4874277CE7E60056D02C /* Kingfisher in Frameworks */ = {isa = PBXBuildFile; productRef = FB1B4873277CE7E60056D02C /* Kingfisher */; };
		FB1B48B7277CF8280056D02C /* ReaderViewController.swift in Sources */ = {isa = PBXBuildFile; fileRef = FB1B48B3277CF8280056D02C /* ReaderViewController.swift */; };
		FB1B48BB277CF8280056D02C /* ReaderNavigationController.swift in Sources */ = {isa = PBXBuildFile; fileRef = FB1B48B5277CF8280056D02C /* ReaderNavigationController.swift */; };
		FB1B48BD277CF8280056D02C /* ZoomableScrollView.swift in Sources */ = {isa = PBXBuildFile; fileRef = FB1B48B6277CF8280056D02C /* ZoomableScrollView.swift */; };
		FB31AD0127AC2C3000D50410 /* UIImageColors.swift in Sources */ = {isa = PBXBuildFile; fileRef = FB31AD0027AC2C3000D50410 /* UIImageColors.swift */; };
		FB31AD0327AC39F500D50410 /* UIColor.swift in Sources */ = {isa = PBXBuildFile; fileRef = FB31AD0227AC39F500D50410 /* UIColor.swift */; };
		FB31AD0427AC3A1000D50410 /* UIImageColors.swift in Sources */ = {isa = PBXBuildFile; fileRef = FB31AD0027AC2C3000D50410 /* UIImageColors.swift */; };
		FB31AD0727AC3A3300D50410 /* ExpandableTextView.swift in Sources */ = {isa = PBXBuildFile; fileRef = FB31AD0627AC3A3300D50410 /* ExpandableTextView.swift */; };
		FB31AD0927ACBED700D50410 /* SearchViewController.swift in Sources */ = {isa = PBXBuildFile; fileRef = FB31AD0827ACBED700D50410 /* SearchViewController.swift */; };
		FB31AD0B27AE180300D50410 /* WasmScraper.swift in Sources */ = {isa = PBXBuildFile; fileRef = FB31AD0A27AE180300D50410 /* WasmScraper.swift */; };
		FB31AD0C27AE180300D50410 /* WasmScraper.swift in Sources */ = {isa = PBXBuildFile; fileRef = FB31AD0A27AE180300D50410 /* WasmScraper.swift */; };
		FB31AD0F27AE18DA00D50410 /* SwiftSoup in Frameworks */ = {isa = PBXBuildFile; productRef = FB31AD0E27AE18DA00D50410 /* SwiftSoup */; };
		FB31AD1127B1792600D50410 /* ReaderPageView.swift in Sources */ = {isa = PBXBuildFile; fileRef = FB31AD1027B1792600D50410 /* ReaderPageView.swift */; };
		FB4CB19327A70B9A00A05445 /* MangaViewController.swift in Sources */ = {isa = PBXBuildFile; fileRef = FB4CB19227A70B9A00A05445 /* MangaViewController.swift */; };
		FB4EEBB927A2F0FC005081A3 /* MangaObject.swift in Sources */ = {isa = PBXBuildFile; fileRef = FB4EEBB527A2F0FC005081A3 /* MangaObject.swift */; };
		FB4EEBBB27A2F0FC005081A3 /* LibraryMangaObject.swift in Sources */ = {isa = PBXBuildFile; fileRef = FB4EEBB727A2F0FC005081A3 /* LibraryMangaObject.swift */; };
		FB4EEBBD27A2F103005081A3 /* LibraryMangaObject.swift in Sources */ = {isa = PBXBuildFile; fileRef = FB4EEBB727A2F0FC005081A3 /* LibraryMangaObject.swift */; };
		FB4EEBBE27A2F103005081A3 /* MangaObject.swift in Sources */ = {isa = PBXBuildFile; fileRef = FB4EEBB527A2F0FC005081A3 /* MangaObject.swift */; };
		FB4EEBC427A34ED4005081A3 /* ChapterObject.swift in Sources */ = {isa = PBXBuildFile; fileRef = FB4EEBC127A34ED4005081A3 /* ChapterObject.swift */; };
		FB4EEBC527A34ED4005081A3 /* ChapterObject.swift in Sources */ = {isa = PBXBuildFile; fileRef = FB4EEBC127A34ED4005081A3 /* ChapterObject.swift */; };
		FB4EEBCA27A35171005081A3 /* HistoryObject.swift in Sources */ = {isa = PBXBuildFile; fileRef = FB4EEBC727A35171005081A3 /* HistoryObject.swift */; };
		FB4EEBCB27A35171005081A3 /* HistoryObject.swift in Sources */ = {isa = PBXBuildFile; fileRef = FB4EEBC727A35171005081A3 /* HistoryObject.swift */; };
		FB4EEBE027A4F5C1005081A3 /* CloudKit.framework in Frameworks */ = {isa = PBXBuildFile; fileRef = FB4EEBDF27A4F5C1005081A3 /* CloudKit.framework */; };
		FB4EEBE227A5AB4E005081A3 /* MangaListSelectionHeader.swift in Sources */ = {isa = PBXBuildFile; fileRef = FB4EEBE127A5AB4E005081A3 /* MangaListSelectionHeader.swift */; };
		FB4EEBE527A5F6B7005081A3 /* LibraryViewController.swift in Sources */ = {isa = PBXBuildFile; fileRef = FB4EEBE427A5F6B7005081A3 /* LibraryViewController.swift */; };
		FB5FB5F62794EBD60059632B /* ChapterListPopoverContentController.swift in Sources */ = {isa = PBXBuildFile; fileRef = FB5FB5F52794EBD60059632B /* ChapterListPopoverContentController.swift */; };
		FB6340AD278E10190072A2A2 /* ExternalSourceTableViewCell.swift in Sources */ = {isa = PBXBuildFile; fileRef = FB6340AC278E10190072A2A2 /* ExternalSourceTableViewCell.swift */; };
		FB6340B1278E61600072A2A2 /* WasmInterpreter in Frameworks */ = {isa = PBXBuildFile; productRef = FB6340B0278E61600072A2A2 /* WasmInterpreter */; };
		FB6340B3278F898E0072A2A2 /* Filter.swift in Sources */ = {isa = PBXBuildFile; fileRef = FB6340B2278F898E0072A2A2 /* Filter.swift */; };
		FB6340B4278F89930072A2A2 /* Filter.swift in Sources */ = {isa = PBXBuildFile; fileRef = FB6340B2278F898E0072A2A2 /* Filter.swift */; };
		FB6340B62791DA130072A2A2 /* KVCObject.swift in Sources */ = {isa = PBXBuildFile; fileRef = FB6340B52791DA130072A2A2 /* KVCObject.swift */; };
		FB6340B72791DA130072A2A2 /* KVCObject.swift in Sources */ = {isa = PBXBuildFile; fileRef = FB6340B52791DA130072A2A2 /* KVCObject.swift */; };
		FB6340BB2792202B0072A2A2 /* Listing.swift in Sources */ = {isa = PBXBuildFile; fileRef = FB6340BA2792202B0072A2A2 /* Listing.swift */; };
		FB6340BC2792202B0072A2A2 /* Listing.swift in Sources */ = {isa = PBXBuildFile; fileRef = FB6340BA2792202B0072A2A2 /* Listing.swift */; };
		FB6340C7279246CF0072A2A2 /* WasmInterpreter in Frameworks */ = {isa = PBXBuildFile; productRef = FB6340C6279246CF0072A2A2 /* WasmInterpreter */; };
		FB6340C9279246D50072A2A2 /* ZIPFoundation in Frameworks */ = {isa = PBXBuildFile; productRef = FB6340C8279246D50072A2A2 /* ZIPFoundation */; };
		FB6340CE27947BCA0072A2A2 /* ExternalSourceInfo.swift in Sources */ = {isa = PBXBuildFile; fileRef = FB6340CD27947BCA0072A2A2 /* ExternalSourceInfo.swift */; };
		FB6340CF27947BCA0072A2A2 /* ExternalSourceInfo.swift in Sources */ = {isa = PBXBuildFile; fileRef = FB6340CD27947BCA0072A2A2 /* ExternalSourceInfo.swift */; };
		FB6E34C6279DF6AB00BFE54B /* BrowseViewController.swift in Sources */ = {isa = PBXBuildFile; fileRef = FB6E34C5279DF6AB00BFE54B /* BrowseViewController.swift */; };
		FB6E34C8279DF76300BFE54B /* MangaGridFlowLayout.swift in Sources */ = {isa = PBXBuildFile; fileRef = FB6E34C7279DF76300BFE54B /* MangaGridFlowLayout.swift */; };
		FB6E34CA279DF9D800BFE54B /* MangaCollectionViewController.swift in Sources */ = {isa = PBXBuildFile; fileRef = FB6E34C9279DF9D800BFE54B /* MangaCollectionViewController.swift */; };
		FB6E34CC279E189300BFE54B /* GetButtonView.swift in Sources */ = {isa = PBXBuildFile; fileRef = FB6E34CB279E189300BFE54B /* GetButtonView.swift */; };
		FB72500B27CA8DED0037F1C9 /* BackupsViewController.swift in Sources */ = {isa = PBXBuildFile; fileRef = FB72500A27CA8DED0037F1C9 /* BackupsViewController.swift */; };
		FB72500F27CAAC6F0037F1C9 /* BackupManager.swift in Sources */ = {isa = PBXBuildFile; fileRef = FB72500E27CAAC6F0037F1C9 /* BackupManager.swift */; };
		FB72501027CAAC6F0037F1C9 /* BackupManager.swift in Sources */ = {isa = PBXBuildFile; fileRef = FB72500E27CAAC6F0037F1C9 /* BackupManager.swift */; };
		FB72501327CAAC9F0037F1C9 /* Backup.swift in Sources */ = {isa = PBXBuildFile; fileRef = FB72501227CAAC9F0037F1C9 /* Backup.swift */; };
		FB72501427CAAC9F0037F1C9 /* Backup.swift in Sources */ = {isa = PBXBuildFile; fileRef = FB72501227CAAC9F0037F1C9 /* Backup.swift */; };
		FB72501627CAACAB0037F1C9 /* BackupManga.swift in Sources */ = {isa = PBXBuildFile; fileRef = FB72501527CAACAB0037F1C9 /* BackupManga.swift */; };
		FB72501727CAACAB0037F1C9 /* BackupManga.swift in Sources */ = {isa = PBXBuildFile; fileRef = FB72501527CAACAB0037F1C9 /* BackupManga.swift */; };
		FB72501927CAACB70037F1C9 /* BackupLibraryManga.swift in Sources */ = {isa = PBXBuildFile; fileRef = FB72501827CAACB60037F1C9 /* BackupLibraryManga.swift */; };
		FB72501A27CAACB70037F1C9 /* BackupLibraryManga.swift in Sources */ = {isa = PBXBuildFile; fileRef = FB72501827CAACB60037F1C9 /* BackupLibraryManga.swift */; };
		FB72501C27CAACC00037F1C9 /* BackupChapter.swift in Sources */ = {isa = PBXBuildFile; fileRef = FB72501B27CAACC00037F1C9 /* BackupChapter.swift */; };
		FB72501D27CAACC00037F1C9 /* BackupChapter.swift in Sources */ = {isa = PBXBuildFile; fileRef = FB72501B27CAACC00037F1C9 /* BackupChapter.swift */; };
		FB72501F27CAACC90037F1C9 /* BackupHistory.swift in Sources */ = {isa = PBXBuildFile; fileRef = FB72501E27CAACC90037F1C9 /* BackupHistory.swift */; };
		FB72502027CAACC90037F1C9 /* BackupHistory.swift in Sources */ = {isa = PBXBuildFile; fileRef = FB72501E27CAACC90037F1C9 /* BackupHistory.swift */; };
		FB72502227CBE9170037F1C9 /* SourceInfoHeaderView.swift in Sources */ = {isa = PBXBuildFile; fileRef = FB72502127CBE9170037F1C9 /* SourceInfoHeaderView.swift */; };
		FB72502427CBF8C00037F1C9 /* SettingsTableViewController.swift in Sources */ = {isa = PBXBuildFile; fileRef = FB72502327CBF8C00037F1C9 /* SettingsTableViewController.swift */; };
		FB72502827CC06AA0037F1C9 /* SegmentTableViewCell.swift in Sources */ = {isa = PBXBuildFile; fileRef = FB72502727CC06AA0037F1C9 /* SegmentTableViewCell.swift */; };
		FB7B7E952787740A001E6EAF /* WasmJson.swift in Sources */ = {isa = PBXBuildFile; fileRef = FB7B7E942787740A001E6EAF /* WasmJson.swift */; };
		FB7B7E962787740A001E6EAF /* WasmJson.swift in Sources */ = {isa = PBXBuildFile; fileRef = FB7B7E942787740A001E6EAF /* WasmJson.swift */; };
		FB7B7E9827877416001E6EAF /* WasmRequest.swift in Sources */ = {isa = PBXBuildFile; fileRef = FB7B7E9727877416001E6EAF /* WasmRequest.swift */; };
		FB7B7E9927877416001E6EAF /* WasmRequest.swift in Sources */ = {isa = PBXBuildFile; fileRef = FB7B7E9727877416001E6EAF /* WasmRequest.swift */; };
		FB7B7EC32788970E001E6EAF /* WasmExtensions.swift in Sources */ = {isa = PBXBuildFile; fileRef = FB7B7EC22788970E001E6EAF /* WasmExtensions.swift */; };
		FB7B7EC42788970E001E6EAF /* WasmExtensions.swift in Sources */ = {isa = PBXBuildFile; fileRef = FB7B7EC22788970E001E6EAF /* WasmExtensions.swift */; };
		FB7B7ECD2789EAE6001E6EAF /* WasmMemory.swift in Sources */ = {isa = PBXBuildFile; fileRef = FB7B7ECC2789EAE5001E6EAF /* WasmMemory.swift */; };
		FB7B7ECE2789EAE6001E6EAF /* WasmMemory.swift in Sources */ = {isa = PBXBuildFile; fileRef = FB7B7ECC2789EAE5001E6EAF /* WasmMemory.swift */; };
		FB7B7ED1278CE670001E6EAF /* SourceManager.swift in Sources */ = {isa = PBXBuildFile; fileRef = FB7B7ED0278CE670001E6EAF /* SourceManager.swift */; };
		FB7B7ED2278CE671001E6EAF /* SourceManager.swift in Sources */ = {isa = PBXBuildFile; fileRef = FB7B7ED0278CE670001E6EAF /* SourceManager.swift */; };
		FB7B7ED4278CE692001E6EAF /* Source.swift in Sources */ = {isa = PBXBuildFile; fileRef = FB7B7ED3278CE692001E6EAF /* Source.swift */; };
		FB7B7ED5278CE692001E6EAF /* Source.swift in Sources */ = {isa = PBXBuildFile; fileRef = FB7B7ED3278CE692001E6EAF /* Source.swift */; };
		FB7B7ED8278CE949001E6EAF /* ZIPFoundation in Frameworks */ = {isa = PBXBuildFile; productRef = FB7B7ED7278CE949001E6EAF /* ZIPFoundation */; };
		FB7B7EDA278CEA6A001E6EAF /* FileManager.swift in Sources */ = {isa = PBXBuildFile; fileRef = FB7B7ED9278CEA6A001E6EAF /* FileManager.swift */; };
		FB7B7EDB278CEA6A001E6EAF /* FileManager.swift in Sources */ = {isa = PBXBuildFile; fileRef = FB7B7ED9278CEA6A001E6EAF /* FileManager.swift */; };
		FB7B7EDD278CEAA2001E6EAF /* URLSession.swift in Sources */ = {isa = PBXBuildFile; fileRef = FB7B7EDC278CEAA2001E6EAF /* URLSession.swift */; };
		FB7B7EDE278CEAA2001E6EAF /* URLSession.swift in Sources */ = {isa = PBXBuildFile; fileRef = FB7B7EDC278CEAA2001E6EAF /* URLSession.swift */; };
		FB7B7EE5278D0735001E6EAF /* SourceTableViewCell.swift in Sources */ = {isa = PBXBuildFile; fileRef = FB7B7EE4278D0735001E6EAF /* SourceTableViewCell.swift */; };
		FB9A65932781F8B10071F1A2 /* LibraryView.swift in Sources */ = {isa = PBXBuildFile; fileRef = FB9A65922781F8B10071F1A2 /* LibraryView.swift */; };
		FBED231327B816D50095D0C0 /* SettingsViewController.swift in Sources */ = {isa = PBXBuildFile; fileRef = FBED231227B816D50095D0C0 /* SettingsViewController.swift */; };
		FBED231527B838980095D0C0 /* SettingsAboutViewController.swift in Sources */ = {isa = PBXBuildFile; fileRef = FBED231427B838980095D0C0 /* SettingsAboutViewController.swift */; };
		FBED231727B83B670095D0C0 /* UISwitch.swift in Sources */ = {isa = PBXBuildFile; fileRef = FBED231627B83B670095D0C0 /* UISwitch.swift */; };
		FBED231927B8BA7C0095D0C0 /* MiniModalViewController.swift in Sources */ = {isa = PBXBuildFile; fileRef = FBED231827B8BA7C0095D0C0 /* MiniModalViewController.swift */; };
		FBED231D27BAD66C0095D0C0 /* FilterCell.swift in Sources */ = {isa = PBXBuildFile; fileRef = FBED231C27BAD66C0095D0C0 /* FilterCell.swift */; };
		FBED231F27BB10950095D0C0 /* FilterStackView.swift in Sources */ = {isa = PBXBuildFile; fileRef = FBED231E27BB10950095D0C0 /* FilterStackView.swift */; };
		FBED232127BB2BBE0095D0C0 /* FilterModalViewController.swift in Sources */ = {isa = PBXBuildFile; fileRef = FBED232027BB2BBD0095D0C0 /* FilterModalViewController.swift */; };
		FBED232327BB461D0095D0C0 /* SourceObject.swift in Sources */ = {isa = PBXBuildFile; fileRef = FBED232227BB461D0095D0C0 /* SourceObject.swift */; };
		FBED232527BC07690095D0C0 /* SourceInfoViewController.swift in Sources */ = {isa = PBXBuildFile; fileRef = FBED232427BC07690095D0C0 /* SourceInfoViewController.swift */; };
		FBED232727BDB69B0095D0C0 /* SettingSelectViewController.swift in Sources */ = {isa = PBXBuildFile; fileRef = FBED232627BDB69B0095D0C0 /* SettingSelectViewController.swift */; };
		FBED232927BDF4C90095D0C0 /* TextInputTableViewCell.swift in Sources */ = {isa = PBXBuildFile; fileRef = FBED232827BDF4C90095D0C0 /* TextInputTableViewCell.swift */; };
		FBED232B27BEAC980095D0C0 /* SourceSettings.swift in Sources */ = {isa = PBXBuildFile; fileRef = FBED232A27BEAC980095D0C0 /* SourceSettings.swift */; };
		FBED233327C091D70095D0C0 /* SwiftSoup in Frameworks */ = {isa = PBXBuildFile; productRef = FBED233227C091D70095D0C0 /* SwiftSoup */; };
		FBED233427C095170095D0C0 /* SourceSettings.swift in Sources */ = {isa = PBXBuildFile; fileRef = FBED232A27BEAC980095D0C0 /* SourceSettings.swift */; };
		FBED233527C095FC0095D0C0 /* SourceObject.swift in Sources */ = {isa = PBXBuildFile; fileRef = FBED232227BB461D0095D0C0 /* SourceObject.swift */; };
		FBED233827C3D0E30095D0C0 /* SourceActor.swift in Sources */ = {isa = PBXBuildFile; fileRef = FBED233727C3D0E30095D0C0 /* SourceActor.swift */; };
		FBED233A27C439C20095D0C0 /* MangaViewHeaderView.swift in Sources */ = {isa = PBXBuildFile; fileRef = FBED233927C439C20095D0C0 /* MangaViewHeaderView.swift */; };
		FBED62B2279DB3FC0096B717 /* SourceViewController.swift in Sources */ = {isa = PBXBuildFile; fileRef = FBED62B1279DB3FC0096B717 /* SourceViewController.swift */; };
		FBED62B4279DB89A0096B717 /* MangaCoverCell.swift in Sources */ = {isa = PBXBuildFile; fileRef = FBED62B3279DB89A0096B717 /* MangaCoverCell.swift */; };
		FBFA43AD2799DD110065A445 /* ReaderSliderView.swift in Sources */ = {isa = PBXBuildFile; fileRef = FBFA43AC2799DD110065A445 /* ReaderSliderView.swift */; };
		FBFA43AF2799DD260065A445 /* ReaderInfoPageView.swift in Sources */ = {isa = PBXBuildFile; fileRef = FBFA43AE2799DD260065A445 /* ReaderInfoPageView.swift */; };
		FBFDD40327838AB90055ED9F /* Sequence.swift in Sources */ = {isa = PBXBuildFile; fileRef = FBFDD40227838AB90055ED9F /* Sequence.swift */; };
		FBFDD40427838AB90055ED9F /* Sequence.swift in Sources */ = {isa = PBXBuildFile; fileRef = FBFDD40227838AB90055ED9F /* Sequence.swift */; };
/* End PBXBuildFile section */

/* Begin PBXFileReference section */
		0C807DDC27D47C2D0042EE7B /* CircularProgressView.swift */ = {isa = PBXFileReference; fileEncoding = 4; lastKnownFileType = sourcecode.swift; path = CircularProgressView.swift; sourceTree = "<group>"; };
		FB11EDEE2784B0690007365D /* Volume.swift */ = {isa = PBXFileReference; lastKnownFileType = sourcecode.swift; path = Volume.swift; sourceTree = "<group>"; };
		FB1B482C277CE18D0056D02C /* Shared.xcdatamodel */ = {isa = PBXFileReference; lastKnownFileType = wrapper.xcdatamodel; path = Shared.xcdatamodel; sourceTree = "<group>"; };
		FB1B482D277CE18D0056D02C /* AidokuApp.swift */ = {isa = PBXFileReference; lastKnownFileType = sourcecode.swift; path = AidokuApp.swift; sourceTree = "<group>"; };
		FB1B4830277CE1920056D02C /* Assets.xcassets */ = {isa = PBXFileReference; lastKnownFileType = folder.assetcatalog; path = Assets.xcassets; sourceTree = "<group>"; };
		FB1B4835277CE1920056D02C /* Aidoku.app */ = {isa = PBXFileReference; explicitFileType = wrapper.application; includeInIndex = 0; path = Aidoku.app; sourceTree = BUILT_PRODUCTS_DIR; };
		FB1B483B277CE1920056D02C /* Aidoku.app */ = {isa = PBXFileReference; explicitFileType = wrapper.application; includeInIndex = 0; path = Aidoku.app; sourceTree = BUILT_PRODUCTS_DIR; };
		FB1B483D277CE1920056D02C /* macOS.entitlements */ = {isa = PBXFileReference; lastKnownFileType = text.plist.entitlements; path = macOS.entitlements; sourceTree = "<group>"; };
		FB1B4850277CE2300056D02C /* Info.plist */ = {isa = PBXFileReference; lastKnownFileType = text.plist.xml; path = Info.plist; sourceTree = "<group>"; };
		FB1B4852277CE4510056D02C /* AppDelegate.swift */ = {isa = PBXFileReference; lastKnownFileType = sourcecode.swift; path = AppDelegate.swift; sourceTree = "<group>"; };
		FB1B4855277CE5560056D02C /* SceneDelegate.swift */ = {isa = PBXFileReference; lastKnownFileType = sourcecode.swift; path = SceneDelegate.swift; sourceTree = "<group>"; };
		FB1B485C277CE6600056D02C /* DataManager.swift */ = {isa = PBXFileReference; lastKnownFileType = sourcecode.swift; path = DataManager.swift; sourceTree = "<group>"; };
		FB1B4863277CE76A0056D02C /* Chapter.swift */ = {isa = PBXFileReference; fileEncoding = 4; lastKnownFileType = sourcecode.swift; path = Chapter.swift; sourceTree = "<group>"; };
		FB1B4864277CE76A0056D02C /* Manga.swift */ = {isa = PBXFileReference; fileEncoding = 4; lastKnownFileType = sourcecode.swift; path = Manga.swift; sourceTree = "<group>"; };
		FB1B4865277CE76A0056D02C /* Page.swift */ = {isa = PBXFileReference; fileEncoding = 4; lastKnownFileType = sourcecode.swift; path = Page.swift; sourceTree = "<group>"; };
		FB1B48B3277CF8280056D02C /* ReaderViewController.swift */ = {isa = PBXFileReference; fileEncoding = 4; lastKnownFileType = sourcecode.swift; path = ReaderViewController.swift; sourceTree = "<group>"; };
		FB1B48B5277CF8280056D02C /* ReaderNavigationController.swift */ = {isa = PBXFileReference; fileEncoding = 4; lastKnownFileType = sourcecode.swift; path = ReaderNavigationController.swift; sourceTree = "<group>"; };
		FB1B48B6277CF8280056D02C /* ZoomableScrollView.swift */ = {isa = PBXFileReference; fileEncoding = 4; lastKnownFileType = sourcecode.swift; path = ZoomableScrollView.swift; sourceTree = "<group>"; };
		FB31AD0027AC2C3000D50410 /* UIImageColors.swift */ = {isa = PBXFileReference; lastKnownFileType = sourcecode.swift; path = UIImageColors.swift; sourceTree = "<group>"; };
		FB31AD0227AC39F500D50410 /* UIColor.swift */ = {isa = PBXFileReference; lastKnownFileType = sourcecode.swift; path = UIColor.swift; sourceTree = "<group>"; };
		FB31AD0627AC3A3300D50410 /* ExpandableTextView.swift */ = {isa = PBXFileReference; lastKnownFileType = sourcecode.swift; path = ExpandableTextView.swift; sourceTree = "<group>"; };
		FB31AD0827ACBED700D50410 /* SearchViewController.swift */ = {isa = PBXFileReference; lastKnownFileType = sourcecode.swift; path = SearchViewController.swift; sourceTree = "<group>"; };
		FB31AD0A27AE180300D50410 /* WasmScraper.swift */ = {isa = PBXFileReference; lastKnownFileType = sourcecode.swift; path = WasmScraper.swift; sourceTree = "<group>"; };
		FB31AD1027B1792600D50410 /* ReaderPageView.swift */ = {isa = PBXFileReference; lastKnownFileType = sourcecode.swift; path = ReaderPageView.swift; sourceTree = "<group>"; };
		FB4CB19227A70B9A00A05445 /* MangaViewController.swift */ = {isa = PBXFileReference; lastKnownFileType = sourcecode.swift; path = MangaViewController.swift; sourceTree = "<group>"; };
		FB4EEBB527A2F0FC005081A3 /* MangaObject.swift */ = {isa = PBXFileReference; lastKnownFileType = sourcecode.swift; path = MangaObject.swift; sourceTree = "<group>"; };
		FB4EEBB727A2F0FC005081A3 /* LibraryMangaObject.swift */ = {isa = PBXFileReference; lastKnownFileType = sourcecode.swift; path = LibraryMangaObject.swift; sourceTree = "<group>"; };
		FB4EEBC127A34ED4005081A3 /* ChapterObject.swift */ = {isa = PBXFileReference; lastKnownFileType = sourcecode.swift; path = ChapterObject.swift; sourceTree = "<group>"; };
		FB4EEBC727A35171005081A3 /* HistoryObject.swift */ = {isa = PBXFileReference; lastKnownFileType = sourcecode.swift; path = HistoryObject.swift; sourceTree = "<group>"; };
		FB4EEBDE27A4F5AF005081A3 /* iOS.entitlements */ = {isa = PBXFileReference; lastKnownFileType = text.plist.entitlements; path = iOS.entitlements; sourceTree = "<group>"; };
		FB4EEBDF27A4F5C1005081A3 /* CloudKit.framework */ = {isa = PBXFileReference; lastKnownFileType = wrapper.framework; name = CloudKit.framework; path = Platforms/iPhoneOS.platform/Developer/SDKs/iPhoneOS15.2.sdk/System/Library/Frameworks/CloudKit.framework; sourceTree = DEVELOPER_DIR; };
		FB4EEBE127A5AB4E005081A3 /* MangaListSelectionHeader.swift */ = {isa = PBXFileReference; lastKnownFileType = sourcecode.swift; path = MangaListSelectionHeader.swift; sourceTree = "<group>"; };
		FB4EEBE427A5F6B7005081A3 /* LibraryViewController.swift */ = {isa = PBXFileReference; lastKnownFileType = sourcecode.swift; path = LibraryViewController.swift; sourceTree = "<group>"; };
		FB5FB5F52794EBD60059632B /* ChapterListPopoverContentController.swift */ = {isa = PBXFileReference; lastKnownFileType = sourcecode.swift; path = ChapterListPopoverContentController.swift; sourceTree = "<group>"; };
		FB6340AC278E10190072A2A2 /* ExternalSourceTableViewCell.swift */ = {isa = PBXFileReference; lastKnownFileType = sourcecode.swift; path = ExternalSourceTableViewCell.swift; sourceTree = "<group>"; };
		FB6340B2278F898E0072A2A2 /* Filter.swift */ = {isa = PBXFileReference; lastKnownFileType = sourcecode.swift; path = Filter.swift; sourceTree = "<group>"; };
		FB6340B52791DA130072A2A2 /* KVCObject.swift */ = {isa = PBXFileReference; lastKnownFileType = sourcecode.swift; path = KVCObject.swift; sourceTree = "<group>"; };
		FB6340BA2792202B0072A2A2 /* Listing.swift */ = {isa = PBXFileReference; lastKnownFileType = sourcecode.swift; path = Listing.swift; sourceTree = "<group>"; };
		FB6340CD27947BCA0072A2A2 /* ExternalSourceInfo.swift */ = {isa = PBXFileReference; lastKnownFileType = sourcecode.swift; path = ExternalSourceInfo.swift; sourceTree = "<group>"; };
		FB6E34C5279DF6AB00BFE54B /* BrowseViewController.swift */ = {isa = PBXFileReference; lastKnownFileType = sourcecode.swift; path = BrowseViewController.swift; sourceTree = "<group>"; };
		FB6E34C7279DF76300BFE54B /* MangaGridFlowLayout.swift */ = {isa = PBXFileReference; lastKnownFileType = sourcecode.swift; path = MangaGridFlowLayout.swift; sourceTree = "<group>"; };
		FB6E34C9279DF9D800BFE54B /* MangaCollectionViewController.swift */ = {isa = PBXFileReference; lastKnownFileType = sourcecode.swift; path = MangaCollectionViewController.swift; sourceTree = "<group>"; };
		FB6E34CB279E189300BFE54B /* GetButtonView.swift */ = {isa = PBXFileReference; lastKnownFileType = sourcecode.swift; path = GetButtonView.swift; sourceTree = "<group>"; };
		FB72500A27CA8DED0037F1C9 /* BackupsViewController.swift */ = {isa = PBXFileReference; lastKnownFileType = sourcecode.swift; path = BackupsViewController.swift; sourceTree = "<group>"; };
		FB72500E27CAAC6F0037F1C9 /* BackupManager.swift */ = {isa = PBXFileReference; lastKnownFileType = sourcecode.swift; path = BackupManager.swift; sourceTree = "<group>"; };
		FB72501227CAAC9F0037F1C9 /* Backup.swift */ = {isa = PBXFileReference; lastKnownFileType = sourcecode.swift; path = Backup.swift; sourceTree = "<group>"; };
		FB72501527CAACAB0037F1C9 /* BackupManga.swift */ = {isa = PBXFileReference; lastKnownFileType = sourcecode.swift; path = BackupManga.swift; sourceTree = "<group>"; };
		FB72501827CAACB60037F1C9 /* BackupLibraryManga.swift */ = {isa = PBXFileReference; lastKnownFileType = sourcecode.swift; path = BackupLibraryManga.swift; sourceTree = "<group>"; };
		FB72501B27CAACC00037F1C9 /* BackupChapter.swift */ = {isa = PBXFileReference; lastKnownFileType = sourcecode.swift; path = BackupChapter.swift; sourceTree = "<group>"; };
		FB72501E27CAACC90037F1C9 /* BackupHistory.swift */ = {isa = PBXFileReference; lastKnownFileType = sourcecode.swift; path = BackupHistory.swift; sourceTree = "<group>"; };
		FB72502127CBE9170037F1C9 /* SourceInfoHeaderView.swift */ = {isa = PBXFileReference; lastKnownFileType = sourcecode.swift; path = SourceInfoHeaderView.swift; sourceTree = "<group>"; };
		FB72502327CBF8C00037F1C9 /* SettingsTableViewController.swift */ = {isa = PBXFileReference; lastKnownFileType = sourcecode.swift; path = SettingsTableViewController.swift; sourceTree = "<group>"; };
		FB72502727CC06AA0037F1C9 /* SegmentTableViewCell.swift */ = {isa = PBXFileReference; lastKnownFileType = sourcecode.swift; path = SegmentTableViewCell.swift; sourceTree = "<group>"; };
		FB7B7E942787740A001E6EAF /* WasmJson.swift */ = {isa = PBXFileReference; lastKnownFileType = sourcecode.swift; path = WasmJson.swift; sourceTree = "<group>"; };
		FB7B7E9727877416001E6EAF /* WasmRequest.swift */ = {isa = PBXFileReference; lastKnownFileType = sourcecode.swift; path = WasmRequest.swift; sourceTree = "<group>"; };
		FB7B7EC22788970E001E6EAF /* WasmExtensions.swift */ = {isa = PBXFileReference; lastKnownFileType = sourcecode.swift; path = WasmExtensions.swift; sourceTree = "<group>"; };
		FB7B7ECC2789EAE5001E6EAF /* WasmMemory.swift */ = {isa = PBXFileReference; lastKnownFileType = sourcecode.swift; path = WasmMemory.swift; sourceTree = "<group>"; };
		FB7B7ED0278CE670001E6EAF /* SourceManager.swift */ = {isa = PBXFileReference; lastKnownFileType = sourcecode.swift; path = SourceManager.swift; sourceTree = "<group>"; };
		FB7B7ED3278CE692001E6EAF /* Source.swift */ = {isa = PBXFileReference; lastKnownFileType = sourcecode.swift; path = Source.swift; sourceTree = "<group>"; };
		FB7B7ED9278CEA6A001E6EAF /* FileManager.swift */ = {isa = PBXFileReference; lastKnownFileType = sourcecode.swift; path = FileManager.swift; sourceTree = "<group>"; };
		FB7B7EDC278CEAA2001E6EAF /* URLSession.swift */ = {isa = PBXFileReference; fileEncoding = 4; lastKnownFileType = sourcecode.swift; path = URLSession.swift; sourceTree = "<group>"; };
		FB7B7EE4278D0735001E6EAF /* SourceTableViewCell.swift */ = {isa = PBXFileReference; lastKnownFileType = sourcecode.swift; path = SourceTableViewCell.swift; sourceTree = "<group>"; };
		FB9A65922781F8B10071F1A2 /* LibraryView.swift */ = {isa = PBXFileReference; lastKnownFileType = sourcecode.swift; path = LibraryView.swift; sourceTree = "<group>"; };
		FBED231227B816D50095D0C0 /* SettingsViewController.swift */ = {isa = PBXFileReference; lastKnownFileType = sourcecode.swift; path = SettingsViewController.swift; sourceTree = "<group>"; };
		FBED231427B838980095D0C0 /* SettingsAboutViewController.swift */ = {isa = PBXFileReference; lastKnownFileType = sourcecode.swift; path = SettingsAboutViewController.swift; sourceTree = "<group>"; };
		FBED231627B83B670095D0C0 /* UISwitch.swift */ = {isa = PBXFileReference; lastKnownFileType = sourcecode.swift; path = UISwitch.swift; sourceTree = "<group>"; };
		FBED231827B8BA7C0095D0C0 /* MiniModalViewController.swift */ = {isa = PBXFileReference; lastKnownFileType = sourcecode.swift; path = MiniModalViewController.swift; sourceTree = "<group>"; };
		FBED231C27BAD66C0095D0C0 /* FilterCell.swift */ = {isa = PBXFileReference; lastKnownFileType = sourcecode.swift; path = FilterCell.swift; sourceTree = "<group>"; };
		FBED231E27BB10950095D0C0 /* FilterStackView.swift */ = {isa = PBXFileReference; lastKnownFileType = sourcecode.swift; path = FilterStackView.swift; sourceTree = "<group>"; };
		FBED232027BB2BBD0095D0C0 /* FilterModalViewController.swift */ = {isa = PBXFileReference; fileEncoding = 4; lastKnownFileType = sourcecode.swift; path = FilterModalViewController.swift; sourceTree = "<group>"; };
		FBED232227BB461D0095D0C0 /* SourceObject.swift */ = {isa = PBXFileReference; lastKnownFileType = sourcecode.swift; path = SourceObject.swift; sourceTree = "<group>"; };
		FBED232427BC07690095D0C0 /* SourceInfoViewController.swift */ = {isa = PBXFileReference; lastKnownFileType = sourcecode.swift; path = SourceInfoViewController.swift; sourceTree = "<group>"; };
		FBED232627BDB69B0095D0C0 /* SettingSelectViewController.swift */ = {isa = PBXFileReference; lastKnownFileType = sourcecode.swift; path = SettingSelectViewController.swift; sourceTree = "<group>"; };
		FBED232827BDF4C90095D0C0 /* TextInputTableViewCell.swift */ = {isa = PBXFileReference; lastKnownFileType = sourcecode.swift; path = TextInputTableViewCell.swift; sourceTree = "<group>"; };
		FBED232A27BEAC980095D0C0 /* SourceSettings.swift */ = {isa = PBXFileReference; lastKnownFileType = sourcecode.swift; path = SourceSettings.swift; sourceTree = "<group>"; };
		FBED233727C3D0E30095D0C0 /* SourceActor.swift */ = {isa = PBXFileReference; lastKnownFileType = sourcecode.swift; path = SourceActor.swift; sourceTree = "<group>"; };
		FBED233927C439C20095D0C0 /* MangaViewHeaderView.swift */ = {isa = PBXFileReference; lastKnownFileType = sourcecode.swift; path = MangaViewHeaderView.swift; sourceTree = "<group>"; };
		FBED62B1279DB3FC0096B717 /* SourceViewController.swift */ = {isa = PBXFileReference; lastKnownFileType = sourcecode.swift; path = SourceViewController.swift; sourceTree = "<group>"; };
		FBED62B3279DB89A0096B717 /* MangaCoverCell.swift */ = {isa = PBXFileReference; lastKnownFileType = sourcecode.swift; path = MangaCoverCell.swift; sourceTree = "<group>"; };
		FBFA43AC2799DD110065A445 /* ReaderSliderView.swift */ = {isa = PBXFileReference; lastKnownFileType = sourcecode.swift; path = ReaderSliderView.swift; sourceTree = "<group>"; };
		FBFA43AE2799DD260065A445 /* ReaderInfoPageView.swift */ = {isa = PBXFileReference; lastKnownFileType = sourcecode.swift; path = ReaderInfoPageView.swift; sourceTree = "<group>"; };
		FBFDD40227838AB90055ED9F /* Sequence.swift */ = {isa = PBXFileReference; lastKnownFileType = sourcecode.swift; path = Sequence.swift; sourceTree = "<group>"; };
/* End PBXFileReference section */

/* Begin PBXFrameworksBuildPhase section */
		FB1B4832277CE1920056D02C /* Frameworks */ = {
			isa = PBXFrameworksBuildPhase;
			buildActionMask = 2147483647;
			files = (
				FB4EEBE027A4F5C1005081A3 /* CloudKit.framework in Frameworks */,
				FB1B4874277CE7E60056D02C /* Kingfisher in Frameworks */,
				FB6340B1278E61600072A2A2 /* WasmInterpreter in Frameworks */,
				FB7B7ED8278CE949001E6EAF /* ZIPFoundation in Frameworks */,
				FB31AD0F27AE18DA00D50410 /* SwiftSoup in Frameworks */,
			);
			runOnlyForDeploymentPostprocessing = 0;
		};
		FB1B4838277CE1920056D02C /* Frameworks */ = {
			isa = PBXFrameworksBuildPhase;
			buildActionMask = 2147483647;
			files = (
				FB6340C7279246CF0072A2A2 /* WasmInterpreter in Frameworks */,
				FB6340C9279246D50072A2A2 /* ZIPFoundation in Frameworks */,
				FBED233327C091D70095D0C0 /* SwiftSoup in Frameworks */,
			);
			runOnlyForDeploymentPostprocessing = 0;
		};
/* End PBXFrameworksBuildPhase section */

/* Begin PBXGroup section */
		FB1B4825277CE18D0056D02C = {
			isa = PBXGroup;
			children = (
				FB1B482A277CE18D0056D02C /* Shared */,
				FB1B4858277CE55B0056D02C /* iOS */,
				FB1B483C277CE1920056D02C /* macOS */,
				FB1B4836277CE1920056D02C /* Products */,
				FB1B4875277CE7FE0056D02C /* Frameworks */,
			);
			sourceTree = "<group>";
		};
		FB1B482A277CE18D0056D02C /* Shared */ = {
			isa = PBXGroup;
			children = (
				FB1B48B2277CF7DC0056D02C /* Extensions */,
				FB72500C27CAAC2E0037F1C9 /* Data */,
				FB1B4862277CE7370056D02C /* Models */,
				FB1B4891277CECF60056D02C /* Sources */,
				FB7B7E8D27874DEB001E6EAF /* Wasm */,
				FB1B4830277CE1920056D02C /* Assets.xcassets */,
				FB1B482B277CE18D0056D02C /* Aidoku.xcdatamodeld */,
			);
			path = Shared;
			sourceTree = "<group>";
		};
		FB1B4836277CE1920056D02C /* Products */ = {
			isa = PBXGroup;
			children = (
				FB1B4835277CE1920056D02C /* Aidoku.app */,
				FB1B483B277CE1920056D02C /* Aidoku.app */,
			);
			name = Products;
			sourceTree = "<group>";
		};
		FB1B483C277CE1920056D02C /* macOS */ = {
			isa = PBXGroup;
			children = (
				FB1B482D277CE18D0056D02C /* AidokuApp.swift */,
				FB1B48B1277CF78E0056D02C /* Views */,
				FB1B483D277CE1920056D02C /* macOS.entitlements */,
			);
			path = macOS;
			sourceTree = "<group>";
		};
		FB1B4858277CE55B0056D02C /* iOS */ = {
			isa = PBXGroup;
			children = (
				FB1B4852277CE4510056D02C /* AppDelegate.swift */,
				FB1B4855277CE5560056D02C /* SceneDelegate.swift */,
				FB31AD0527AC3A1900D50410 /* Extensions */,
				FB1B48B0277CF7880056D02C /* UI */,
				FB1B4850277CE2300056D02C /* Info.plist */,
				FB4EEBDE27A4F5AF005081A3 /* iOS.entitlements */,
			);
			path = iOS;
			sourceTree = "<group>";
		};
		FB1B4862277CE7370056D02C /* Models */ = {
			isa = PBXGroup;
			children = (
				FB6340B52791DA130072A2A2 /* KVCObject.swift */,
				FB1B4864277CE76A0056D02C /* Manga.swift */,
				FB1B4863277CE76A0056D02C /* Chapter.swift */,
				FB1B4865277CE76A0056D02C /* Page.swift */,
				FB11EDEE2784B0690007365D /* Volume.swift */,
				FB6340B2278F898E0072A2A2 /* Filter.swift */,
				FB6340BA2792202B0072A2A2 /* Listing.swift */,
			);
			path = Models;
			sourceTree = "<group>";
		};
		FB1B4875277CE7FE0056D02C /* Frameworks */ = {
			isa = PBXGroup;
			children = (
				FB4EEBDF27A4F5C1005081A3 /* CloudKit.framework */,
			);
			name = Frameworks;
			sourceTree = "<group>";
		};
		FB1B4878277CEBEA0056D02C /* Library */ = {
			isa = PBXGroup;
			children = (
				FB4EEBE427A5F6B7005081A3 /* LibraryViewController.swift */,
			);
			path = Library;
			sourceTree = "<group>";
		};
		FB1B4891277CECF60056D02C /* Sources */ = {
			isa = PBXGroup;
			children = (
				FB7B7ED0278CE670001E6EAF /* SourceManager.swift */,
				FBED233727C3D0E30095D0C0 /* SourceActor.swift */,
				FB7B7ED3278CE692001E6EAF /* Source.swift */,
				FB6340CD27947BCA0072A2A2 /* ExternalSourceInfo.swift */,
				FBED232A27BEAC980095D0C0 /* SourceSettings.swift */,
			);
			path = Sources;
			sourceTree = "<group>";
		};
		FB1B48A6277CF6240056D02C /* Manga */ = {
			isa = PBXGroup;
			children = (
				FB4CB19227A70B9A00A05445 /* MangaViewController.swift */,
				FBED233927C439C20095D0C0 /* MangaViewHeaderView.swift */,
				FB31AD0627AC3A3300D50410 /* ExpandableTextView.swift */,
			);
			path = Manga;
			sourceTree = "<group>";
		};
		FB1B48A7277CF62F0056D02C /* Search */ = {
			isa = PBXGroup;
			children = (
				FB31AD0827ACBED700D50410 /* SearchViewController.swift */,
			);
			path = Search;
			sourceTree = "<group>";
		};
		FB1B48A8277CF6340056D02C /* Settings */ = {
			isa = PBXGroup;
			children = (
				FBED231227B816D50095D0C0 /* SettingsViewController.swift */,
				FB72500A27CA8DED0037F1C9 /* BackupsViewController.swift */,
				FBED231427B838980095D0C0 /* SettingsAboutViewController.swift */,
			);
			path = Settings;
			sourceTree = "<group>";
		};
		FB1B48B0277CF7880056D02C /* UI */ = {
			isa = PBXGroup;
			children = (
				FBED232C27C08F060095D0C0 /* Base */,
				FB1B4878277CEBEA0056D02C /* Library */,
				FB7B7EE0278D0097001E6EAF /* Browse */,
				FB1B48A7277CF62F0056D02C /* Search */,
				FB1B48A8277CF6340056D02C /* Settings */,
				FB1B48A6277CF6240056D02C /* Manga */,
				FB9A65942781F91F0071F1A2 /* Reader */,
			);
			path = UI;
			sourceTree = "<group>";
		};
		FB1B48B1277CF78E0056D02C /* Views */ = {
			isa = PBXGroup;
			children = (
				FB9A65922781F8B10071F1A2 /* LibraryView.swift */,
			);
			path = Views;
			sourceTree = "<group>";
		};
		FB1B48B2277CF7DC0056D02C /* Extensions */ = {
			isa = PBXGroup;
			children = (
				FBFDD40227838AB90055ED9F /* Sequence.swift */,
				FB7B7EDC278CEAA2001E6EAF /* URLSession.swift */,
				FB7B7ED9278CEA6A001E6EAF /* FileManager.swift */,
				FB7B7EC22788970E001E6EAF /* WasmExtensions.swift */,
				FB31AD0027AC2C3000D50410 /* UIImageColors.swift */,
			);
			path = Extensions;
			sourceTree = "<group>";
		};
		FB31AD0527AC3A1900D50410 /* Extensions */ = {
			isa = PBXGroup;
			children = (
				FB31AD0227AC39F500D50410 /* UIColor.swift */,
				FBED231627B83B670095D0C0 /* UISwitch.swift */,
			);
			path = Extensions;
			sourceTree = "<group>";
		};
		FB4EEBB327A2EC9C005081A3 /* Database */ = {
			isa = PBXGroup;
			children = (
				FBED233127C0913E0095D0C0 /* Objects */,
				FB1B485C277CE6600056D02C /* DataManager.swift */,
			);
			path = Database;
			sourceTree = "<group>";
		};
		FB72500C27CAAC2E0037F1C9 /* Data */ = {
			isa = PBXGroup;
			children = (
				FB4EEBB327A2EC9C005081A3 /* Database */,
				FB72500D27CAAC3B0037F1C9 /* Backup */,
			);
			path = Data;
			sourceTree = "<group>";
		};
		FB72500D27CAAC3B0037F1C9 /* Backup */ = {
			isa = PBXGroup;
			children = (
				FB72501127CAAC860037F1C9 /* Models */,
				FB72500E27CAAC6F0037F1C9 /* BackupManager.swift */,
			);
			path = Backup;
			sourceTree = "<group>";
		};
		FB72501127CAAC860037F1C9 /* Models */ = {
			isa = PBXGroup;
			children = (
				FB72501227CAAC9F0037F1C9 /* Backup.swift */,
				FB72501527CAACAB0037F1C9 /* BackupManga.swift */,
				FB72501827CAACB60037F1C9 /* BackupLibraryManga.swift */,
				FB72501B27CAACC00037F1C9 /* BackupChapter.swift */,
				FB72501E27CAACC90037F1C9 /* BackupHistory.swift */,
			);
			path = Models;
			sourceTree = "<group>";
		};
		FB72502527CC06610037F1C9 /* Settings */ = {
			isa = PBXGroup;
			children = (
				FB72502327CBF8C00037F1C9 /* SettingsTableViewController.swift */,
				FBED232627BDB69B0095D0C0 /* SettingSelectViewController.swift */,
				FBED232827BDF4C90095D0C0 /* TextInputTableViewCell.swift */,
				FB72502727CC06AA0037F1C9 /* SegmentTableViewCell.swift */,
			);
			path = Settings;
			sourceTree = "<group>";
		};
		FB72502627CC067E0037F1C9 /* Manga */ = {
			isa = PBXGroup;
			children = (
				FB6E34C9279DF9D800BFE54B /* MangaCollectionViewController.swift */,
				FB6E34C7279DF76300BFE54B /* MangaGridFlowLayout.swift */,
				FB4EEBE127A5AB4E005081A3 /* MangaListSelectionHeader.swift */,
				FBED62B3279DB89A0096B717 /* MangaCoverCell.swift */,
			);
			path = Manga;
			sourceTree = "<group>";
		};
		FB7B7E8D27874DEB001E6EAF /* Wasm */ = {
			isa = PBXGroup;
			children = (
				FB7B7ECC2789EAE5001E6EAF /* WasmMemory.swift */,
				FB7B7E9727877416001E6EAF /* WasmRequest.swift */,
				FB7B7E942787740A001E6EAF /* WasmJson.swift */,
				FB31AD0A27AE180300D50410 /* WasmScraper.swift */,
			);
			path = Wasm;
			sourceTree = "<group>";
		};
		FB7B7EE0278D0097001E6EAF /* Browse */ = {
			isa = PBXGroup;
			children = (
				FBED232D27C08F870095D0C0 /* Info */,
				FBED232E27C08F940095D0C0 /* SourceCell */,
				FBED232F27C08FA80095D0C0 /* Filters */,
				FB6E34C5279DF6AB00BFE54B /* BrowseViewController.swift */,
				FBED62B1279DB3FC0096B717 /* SourceViewController.swift */,
			);
			path = Browse;
			sourceTree = "<group>";
		};
		FB9A65942781F91F0071F1A2 /* Reader */ = {
			isa = PBXGroup;
			children = (
				FBED233027C090080095D0C0 /* Page */,
				FB1B48B5277CF8280056D02C /* ReaderNavigationController.swift */,
				FB1B48B3277CF8280056D02C /* ReaderViewController.swift */,
				FBFA43AC2799DD110065A445 /* ReaderSliderView.swift */,
				FB5FB5F52794EBD60059632B /* ChapterListPopoverContentController.swift */,
				FB1B48B6277CF8280056D02C /* ZoomableScrollView.swift */,
				0C807DDC27D47C2D0042EE7B /* CircularProgressView.swift */,
			);
			path = Reader;
			sourceTree = "<group>";
		};
		FBED232C27C08F060095D0C0 /* Base */ = {
			isa = PBXGroup;
			children = (
				FB72502627CC067E0037F1C9 /* Manga */,
				FB72502527CC06610037F1C9 /* Settings */,
				FBED231827B8BA7C0095D0C0 /* MiniModalViewController.swift */,
			);
			path = Base;
			sourceTree = "<group>";
		};
		FBED232D27C08F870095D0C0 /* Info */ = {
			isa = PBXGroup;
			children = (
				FBED232427BC07690095D0C0 /* SourceInfoViewController.swift */,
				FB72502127CBE9170037F1C9 /* SourceInfoHeaderView.swift */,
			);
			path = Info;
			sourceTree = "<group>";
		};
		FBED232E27C08F940095D0C0 /* SourceCell */ = {
			isa = PBXGroup;
			children = (
				FB7B7EE4278D0735001E6EAF /* SourceTableViewCell.swift */,
				FB6340AC278E10190072A2A2 /* ExternalSourceTableViewCell.swift */,
				FB6E34CB279E189300BFE54B /* GetButtonView.swift */,
			);
			path = SourceCell;
			sourceTree = "<group>";
		};
		FBED232F27C08FA80095D0C0 /* Filters */ = {
			isa = PBXGroup;
			children = (
				FBED232027BB2BBD0095D0C0 /* FilterModalViewController.swift */,
				FBED231E27BB10950095D0C0 /* FilterStackView.swift */,
				FBED231C27BAD66C0095D0C0 /* FilterCell.swift */,
			);
			path = Filters;
			sourceTree = "<group>";
		};
		FBED233027C090080095D0C0 /* Page */ = {
			isa = PBXGroup;
			children = (
				FB31AD1027B1792600D50410 /* ReaderPageView.swift */,
				FBFA43AE2799DD260065A445 /* ReaderInfoPageView.swift */,
			);
			path = Page;
			sourceTree = "<group>";
		};
		FBED233127C0913E0095D0C0 /* Objects */ = {
			isa = PBXGroup;
			children = (
				FB4EEBB527A2F0FC005081A3 /* MangaObject.swift */,
				FB4EEBB727A2F0FC005081A3 /* LibraryMangaObject.swift */,
				FB4EEBC127A34ED4005081A3 /* ChapterObject.swift */,
				FB4EEBC727A35171005081A3 /* HistoryObject.swift */,
				FBED232227BB461D0095D0C0 /* SourceObject.swift */,
			);
			path = Objects;
			sourceTree = "<group>";
		};
/* End PBXGroup section */

/* Begin PBXNativeTarget section */
		FB1B4834277CE1920056D02C /* Aidoku (iOS) */ = {
			isa = PBXNativeTarget;
			buildConfigurationList = FB1B484A277CE1920056D02C /* Build configuration list for PBXNativeTarget "Aidoku (iOS)" */;
			buildPhases = (
				FB1B4831277CE1920056D02C /* Sources */,
				FB1B4832277CE1920056D02C /* Frameworks */,
				FB1B4833277CE1920056D02C /* Resources */,
				FBED233627C3C4D70095D0C0 /* ShellScript */,
			);
			buildRules = (
			);
			dependencies = (
			);
			name = "Aidoku (iOS)";
			packageProductDependencies = (
				FB1B4873277CE7E60056D02C /* Kingfisher */,
				FB7B7ED7278CE949001E6EAF /* ZIPFoundation */,
				FB6340B0278E61600072A2A2 /* WasmInterpreter */,
				FB31AD0E27AE18DA00D50410 /* SwiftSoup */,
			);
			productName = "Aidoku (iOS)";
			productReference = FB1B4835277CE1920056D02C /* Aidoku.app */;
			productType = "com.apple.product-type.application";
		};
		FB1B483A277CE1920056D02C /* Aidoku (macOS) */ = {
			isa = PBXNativeTarget;
			buildConfigurationList = FB1B484D277CE1920056D02C /* Build configuration list for PBXNativeTarget "Aidoku (macOS)" */;
			buildPhases = (
				FB1B4837277CE1920056D02C /* Sources */,
				FB1B4838277CE1920056D02C /* Frameworks */,
				FB1B4839277CE1920056D02C /* Resources */,
			);
			buildRules = (
			);
			dependencies = (
			);
			name = "Aidoku (macOS)";
			packageProductDependencies = (
				FB6340C6279246CF0072A2A2 /* WasmInterpreter */,
				FB6340C8279246D50072A2A2 /* ZIPFoundation */,
				FBED233227C091D70095D0C0 /* SwiftSoup */,
			);
			productName = "Aidoku (macOS)";
			productReference = FB1B483B277CE1920056D02C /* Aidoku.app */;
			productType = "com.apple.product-type.application";
		};
/* End PBXNativeTarget section */

/* Begin PBXProject section */
		FB1B4826277CE18D0056D02C /* Project object */ = {
			isa = PBXProject;
			attributes = {
				BuildIndependentTargetsInParallel = 1;
				LastSwiftUpdateCheck = 1320;
				LastUpgradeCheck = 1320;
				TargetAttributes = {
					FB1B4834277CE1920056D02C = {
						CreatedOnToolsVersion = 13.2.1;
					};
					FB1B483A277CE1920056D02C = {
						CreatedOnToolsVersion = 13.2.1;
					};
				};
			};
			buildConfigurationList = FB1B4829277CE18D0056D02C /* Build configuration list for PBXProject "Aidoku" */;
			compatibilityVersion = "Xcode 13.0";
			developmentRegion = en;
			hasScannedForEncodings = 0;
			knownRegions = (
				en,
				Base,
			);
			mainGroup = FB1B4825277CE18D0056D02C;
			packageReferences = (
				FB1B4872277CE7E60056D02C /* XCRemoteSwiftPackageReference "Kingfisher" */,
				FB7B7ED6278CE949001E6EAF /* XCRemoteSwiftPackageReference "ZIPFoundation" */,
				FB6340AF278E61600072A2A2 /* XCRemoteSwiftPackageReference "wasm-interpreter-apple" */,
				FB31AD0D27AE18DA00D50410 /* XCRemoteSwiftPackageReference "SwiftSoup" */,
			);
			productRefGroup = FB1B4836277CE1920056D02C /* Products */;
			projectDirPath = "";
			projectRoot = "";
			targets = (
				FB1B4834277CE1920056D02C /* Aidoku (iOS) */,
				FB1B483A277CE1920056D02C /* Aidoku (macOS) */,
			);
		};
/* End PBXProject section */

/* Begin PBXResourcesBuildPhase section */
		FB1B4833277CE1920056D02C /* Resources */ = {
			isa = PBXResourcesBuildPhase;
			buildActionMask = 2147483647;
			files = (
				FB1B4846277CE1920056D02C /* Assets.xcassets in Resources */,
			);
			runOnlyForDeploymentPostprocessing = 0;
		};
		FB1B4839277CE1920056D02C /* Resources */ = {
			isa = PBXResourcesBuildPhase;
			buildActionMask = 2147483647;
			files = (
				FB1B4847277CE1920056D02C /* Assets.xcassets in Resources */,
			);
			runOnlyForDeploymentPostprocessing = 0;
		};
/* End PBXResourcesBuildPhase section */

/* Begin PBXShellScriptBuildPhase section */
		FBED233627C3C4D70095D0C0 /* ShellScript */ = {
			isa = PBXShellScriptBuildPhase;
			buildActionMask = 2147483647;
			files = (
			);
			inputFileListPaths = (
			);
			inputPaths = (
			);
			outputFileListPaths = (
			);
			outputPaths = (
			);
			runOnlyForDeploymentPostprocessing = 0;
			shellPath = /bin/sh;
			shellScript = "export PATH=\"$PATH:/opt/homebrew/bin\"\n\nif which swiftlint >/dev/null; then\n  swiftlint\nelse\n  echo \"warning: SwiftLint not installed, download from https://github.com/realm/SwiftLint\"\nfi\n";
		};
/* End PBXShellScriptBuildPhase section */

/* Begin PBXSourcesBuildPhase section */
		FB1B4831277CE1920056D02C /* Sources */ = {
			isa = PBXSourcesBuildPhase;
			buildActionMask = 2147483647;
			files = (
				FB4EEBCA27A35171005081A3 /* HistoryObject.swift in Sources */,
				FB6E34C8279DF76300BFE54B /* MangaGridFlowLayout.swift in Sources */,
				FB7B7ECD2789EAE6001E6EAF /* WasmMemory.swift in Sources */,
				FB72501C27CAACC00037F1C9 /* BackupChapter.swift in Sources */,
				FB4EEBC427A34ED4005081A3 /* ChapterObject.swift in Sources */,
				0C807DDD27D47C2D0042EE7B /* CircularProgressView.swift in Sources */,
				FBFA43AD2799DD110065A445 /* ReaderSliderView.swift in Sources */,
				FBED232927BDF4C90095D0C0 /* TextInputTableViewCell.swift in Sources */,
				FB72501927CAACB70037F1C9 /* BackupLibraryManga.swift in Sources */,
				FBED232527BC07690095D0C0 /* SourceInfoViewController.swift in Sources */,
				FBED232727BDB69B0095D0C0 /* SettingSelectViewController.swift in Sources */,
				FB31AD0127AC2C3000D50410 /* UIImageColors.swift in Sources */,
				FB1B4868277CE76B0056D02C /* Manga.swift in Sources */,
				FBFDD40327838AB90055ED9F /* Sequence.swift in Sources */,
				FB6340CE27947BCA0072A2A2 /* ExternalSourceInfo.swift in Sources */,
				FB1B4856277CE5560056D02C /* SceneDelegate.swift in Sources */,
				FBFA43AF2799DD260065A445 /* ReaderInfoPageView.swift in Sources */,
				FB1B48BD277CF8280056D02C /* ZoomableScrollView.swift in Sources */,
				FB1B48BB277CF8280056D02C /* ReaderNavigationController.swift in Sources */,
				FBED231F27BB10950095D0C0 /* FilterStackView.swift in Sources */,
				FBED232B27BEAC980095D0C0 /* SourceSettings.swift in Sources */,
				FB31AD0B27AE180300D50410 /* WasmScraper.swift in Sources */,
				FBED233A27C439C20095D0C0 /* MangaViewHeaderView.swift in Sources */,
				FB6340BB2792202B0072A2A2 /* Listing.swift in Sources */,
				FB1B483E277CE1920056D02C /* Aidoku.xcdatamodeld in Sources */,
				FB72501327CAAC9F0037F1C9 /* Backup.swift in Sources */,
				FB7B7EE5278D0735001E6EAF /* SourceTableViewCell.swift in Sources */,
				FB1B486A277CE76B0056D02C /* Page.swift in Sources */,
				FB4EEBE227A5AB4E005081A3 /* MangaListSelectionHeader.swift in Sources */,
				FB31AD1127B1792600D50410 /* ReaderPageView.swift in Sources */,
				FBED231727B83B670095D0C0 /* UISwitch.swift in Sources */,
				FB4EEBBB27A2F0FC005081A3 /* LibraryMangaObject.swift in Sources */,
				FB7B7ED4278CE692001E6EAF /* Source.swift in Sources */,
				FB1B485D277CE6600056D02C /* DataManager.swift in Sources */,
				FB31AD0727AC3A3300D50410 /* ExpandableTextView.swift in Sources */,
				FB4EEBB927A2F0FC005081A3 /* MangaObject.swift in Sources */,
				FB7B7EC32788970E001E6EAF /* WasmExtensions.swift in Sources */,
				FB5FB5F62794EBD60059632B /* ChapterListPopoverContentController.swift in Sources */,
				FBED62B4279DB89A0096B717 /* MangaCoverCell.swift in Sources */,
				FB6340B62791DA130072A2A2 /* KVCObject.swift in Sources */,
				FB31AD0327AC39F500D50410 /* UIColor.swift in Sources */,
				FBED231527B838980095D0C0 /* SettingsAboutViewController.swift in Sources */,
				FBED233827C3D0E30095D0C0 /* SourceActor.swift in Sources */,
				FB31AD0927ACBED700D50410 /* SearchViewController.swift in Sources */,
				FB72502827CC06AA0037F1C9 /* SegmentTableViewCell.swift in Sources */,
				FB11EDEF2784B0690007365D /* Volume.swift in Sources */,
				FBED231927B8BA7C0095D0C0 /* MiniModalViewController.swift in Sources */,
				FB6E34CC279E189300BFE54B /* GetButtonView.swift in Sources */,
				FB7B7ED1278CE670001E6EAF /* SourceManager.swift in Sources */,
				FB7B7EDA278CEA6A001E6EAF /* FileManager.swift in Sources */,
				FBED232127BB2BBE0095D0C0 /* FilterModalViewController.swift in Sources */,
				FB1B4853277CE4510056D02C /* AppDelegate.swift in Sources */,
				FB72502227CBE9170037F1C9 /* SourceInfoHeaderView.swift in Sources */,
				FB4EEBE527A5F6B7005081A3 /* LibraryViewController.swift in Sources */,
				FB6E34C6279DF6AB00BFE54B /* BrowseViewController.swift in Sources */,
				FB72501627CAACAB0037F1C9 /* BackupManga.swift in Sources */,
				FB7B7E952787740A001E6EAF /* WasmJson.swift in Sources */,
				FB72501F27CAACC90037F1C9 /* BackupHistory.swift in Sources */,
				FBED232327BB461D0095D0C0 /* SourceObject.swift in Sources */,
				FB72502427CBF8C00037F1C9 /* SettingsTableViewController.swift in Sources */,
				FB6340B3278F898E0072A2A2 /* Filter.swift in Sources */,
				FB6E34CA279DF9D800BFE54B /* MangaCollectionViewController.swift in Sources */,
				FBED231327B816D50095D0C0 /* SettingsViewController.swift in Sources */,
				FB7B7E9827877416001E6EAF /* WasmRequest.swift in Sources */,
				FB4CB19327A70B9A00A05445 /* MangaViewController.swift in Sources */,
				FB7B7EDD278CEAA2001E6EAF /* URLSession.swift in Sources */,
				FB72500B27CA8DED0037F1C9 /* BackupsViewController.swift in Sources */,
				FBED231D27BAD66C0095D0C0 /* FilterCell.swift in Sources */,
				FBED62B2279DB3FC0096B717 /* SourceViewController.swift in Sources */,
				FB1B4866277CE76B0056D02C /* Chapter.swift in Sources */,
				FB6340AD278E10190072A2A2 /* ExternalSourceTableViewCell.swift in Sources */,
				FB1B48B7277CF8280056D02C /* ReaderViewController.swift in Sources */,
				FB72500F27CAAC6F0037F1C9 /* BackupManager.swift in Sources */,
			);
			runOnlyForDeploymentPostprocessing = 0;
		};
		FB1B4837277CE1920056D02C /* Sources */ = {
			isa = PBXSourcesBuildPhase;
			buildActionMask = 2147483647;
			files = (
				FB7B7EDE278CEAA2001E6EAF /* URLSession.swift in Sources */,
				FBED233427C095170095D0C0 /* SourceSettings.swift in Sources */,
				FB6340BC2792202B0072A2A2 /* Listing.swift in Sources */,
				FB72501D27CAACC00037F1C9 /* BackupChapter.swift in Sources */,
				FB6340B72791DA130072A2A2 /* KVCObject.swift in Sources */,
				FB1B4841277CE1920056D02C /* AidokuApp.swift in Sources */,
				FB1B485E277CE6600056D02C /* DataManager.swift in Sources */,
				FB72501727CAACAB0037F1C9 /* BackupManga.swift in Sources */,
				FB4EEBCB27A35171005081A3 /* HistoryObject.swift in Sources */,
				FB1B4869277CE76B0056D02C /* Manga.swift in Sources */,
				FB7B7E9927877416001E6EAF /* WasmRequest.swift in Sources */,
				FB72501A27CAACB70037F1C9 /* BackupLibraryManga.swift in Sources */,
				FB9A65932781F8B10071F1A2 /* LibraryView.swift in Sources */,
				FB1B483F277CE1920056D02C /* Aidoku.xcdatamodeld in Sources */,
				FB4EEBBD27A2F103005081A3 /* LibraryMangaObject.swift in Sources */,
				FB1B486B277CE76B0056D02C /* Page.swift in Sources */,
				FB72501027CAAC6F0037F1C9 /* BackupManager.swift in Sources */,
				FB7B7ED2278CE671001E6EAF /* SourceManager.swift in Sources */,
				FB7B7EDB278CEA6A001E6EAF /* FileManager.swift in Sources */,
				FB72501427CAAC9F0037F1C9 /* Backup.swift in Sources */,
				FB4EEBC527A34ED4005081A3 /* ChapterObject.swift in Sources */,
				FBED233527C095FC0095D0C0 /* SourceObject.swift in Sources */,
				FBFDD40427838AB90055ED9F /* Sequence.swift in Sources */,
				FB7B7E962787740A001E6EAF /* WasmJson.swift in Sources */,
				FB6340B4278F89930072A2A2 /* Filter.swift in Sources */,
				FB7B7ED5278CE692001E6EAF /* Source.swift in Sources */,
				FB7B7ECE2789EAE6001E6EAF /* WasmMemory.swift in Sources */,
				FB7B7EC42788970E001E6EAF /* WasmExtensions.swift in Sources */,
				FB1B4867277CE76B0056D02C /* Chapter.swift in Sources */,
				FB11EDF02784B0690007365D /* Volume.swift in Sources */,
				FB31AD0427AC3A1000D50410 /* UIImageColors.swift in Sources */,
				FB31AD0C27AE180300D50410 /* WasmScraper.swift in Sources */,
				FB6340CF27947BCA0072A2A2 /* ExternalSourceInfo.swift in Sources */,
				FB4EEBBE27A2F103005081A3 /* MangaObject.swift in Sources */,
				FB72502027CAACC90037F1C9 /* BackupHistory.swift in Sources */,
			);
			runOnlyForDeploymentPostprocessing = 0;
		};
/* End PBXSourcesBuildPhase section */

/* Begin XCBuildConfiguration section */
		FB1B4848277CE1920056D02C /* Debug */ = {
			isa = XCBuildConfiguration;
			buildSettings = {
				ALWAYS_SEARCH_USER_PATHS = NO;
				CLANG_ANALYZER_NONNULL = YES;
				CLANG_ANALYZER_NUMBER_OBJECT_CONVERSION = YES_AGGRESSIVE;
				CLANG_CXX_LANGUAGE_STANDARD = "gnu++17";
				CLANG_CXX_LIBRARY = "libc++";
				CLANG_ENABLE_MODULES = YES;
				CLANG_ENABLE_OBJC_ARC = YES;
				CLANG_ENABLE_OBJC_WEAK = YES;
				CLANG_WARN_BLOCK_CAPTURE_AUTORELEASING = YES;
				CLANG_WARN_BOOL_CONVERSION = YES;
				CLANG_WARN_COMMA = YES;
				CLANG_WARN_CONSTANT_CONVERSION = YES;
				CLANG_WARN_DEPRECATED_OBJC_IMPLEMENTATIONS = YES;
				CLANG_WARN_DIRECT_OBJC_ISA_USAGE = YES_ERROR;
				CLANG_WARN_DOCUMENTATION_COMMENTS = YES;
				CLANG_WARN_EMPTY_BODY = YES;
				CLANG_WARN_ENUM_CONVERSION = YES;
				CLANG_WARN_INFINITE_RECURSION = YES;
				CLANG_WARN_INT_CONVERSION = YES;
				CLANG_WARN_NON_LITERAL_NULL_CONVERSION = YES;
				CLANG_WARN_OBJC_IMPLICIT_RETAIN_SELF = YES;
				CLANG_WARN_OBJC_LITERAL_CONVERSION = YES;
				CLANG_WARN_OBJC_ROOT_CLASS = YES_ERROR;
				CLANG_WARN_QUOTED_INCLUDE_IN_FRAMEWORK_HEADER = YES;
				CLANG_WARN_RANGE_LOOP_ANALYSIS = YES;
				CLANG_WARN_STRICT_PROTOTYPES = YES;
				CLANG_WARN_SUSPICIOUS_MOVE = YES;
				CLANG_WARN_UNGUARDED_AVAILABILITY = YES_AGGRESSIVE;
				CLANG_WARN_UNREACHABLE_CODE = YES;
				CLANG_WARN__DUPLICATE_METHOD_MATCH = YES;
				COPY_PHASE_STRIP = NO;
				DEBUG_INFORMATION_FORMAT = dwarf;
				ENABLE_STRICT_OBJC_MSGSEND = YES;
				ENABLE_TESTABILITY = YES;
				GCC_C_LANGUAGE_STANDARD = gnu11;
				GCC_DYNAMIC_NO_PIC = NO;
				GCC_NO_COMMON_BLOCKS = YES;
				GCC_OPTIMIZATION_LEVEL = 0;
				GCC_PREPROCESSOR_DEFINITIONS = (
					"DEBUG=1",
					"$(inherited)",
				);
				GCC_WARN_64_TO_32_BIT_CONVERSION = YES;
				GCC_WARN_ABOUT_RETURN_TYPE = YES_ERROR;
				GCC_WARN_UNDECLARED_SELECTOR = YES;
				GCC_WARN_UNINITIALIZED_AUTOS = YES_AGGRESSIVE;
				GCC_WARN_UNUSED_FUNCTION = YES;
				GCC_WARN_UNUSED_VARIABLE = YES;
				MTL_ENABLE_DEBUG_INFO = INCLUDE_SOURCE;
				MTL_FAST_MATH = YES;
				ONLY_ACTIVE_ARCH = YES;
				SWIFT_ACTIVE_COMPILATION_CONDITIONS = DEBUG;
				SWIFT_OPTIMIZATION_LEVEL = "-Onone";
			};
			name = Debug;
		};
		FB1B4849277CE1920056D02C /* Release */ = {
			isa = XCBuildConfiguration;
			buildSettings = {
				ALWAYS_SEARCH_USER_PATHS = NO;
				CLANG_ANALYZER_NONNULL = YES;
				CLANG_ANALYZER_NUMBER_OBJECT_CONVERSION = YES_AGGRESSIVE;
				CLANG_CXX_LANGUAGE_STANDARD = "gnu++17";
				CLANG_CXX_LIBRARY = "libc++";
				CLANG_ENABLE_MODULES = YES;
				CLANG_ENABLE_OBJC_ARC = YES;
				CLANG_ENABLE_OBJC_WEAK = YES;
				CLANG_WARN_BLOCK_CAPTURE_AUTORELEASING = YES;
				CLANG_WARN_BOOL_CONVERSION = YES;
				CLANG_WARN_COMMA = YES;
				CLANG_WARN_CONSTANT_CONVERSION = YES;
				CLANG_WARN_DEPRECATED_OBJC_IMPLEMENTATIONS = YES;
				CLANG_WARN_DIRECT_OBJC_ISA_USAGE = YES_ERROR;
				CLANG_WARN_DOCUMENTATION_COMMENTS = YES;
				CLANG_WARN_EMPTY_BODY = YES;
				CLANG_WARN_ENUM_CONVERSION = YES;
				CLANG_WARN_INFINITE_RECURSION = YES;
				CLANG_WARN_INT_CONVERSION = YES;
				CLANG_WARN_NON_LITERAL_NULL_CONVERSION = YES;
				CLANG_WARN_OBJC_IMPLICIT_RETAIN_SELF = YES;
				CLANG_WARN_OBJC_LITERAL_CONVERSION = YES;
				CLANG_WARN_OBJC_ROOT_CLASS = YES_ERROR;
				CLANG_WARN_QUOTED_INCLUDE_IN_FRAMEWORK_HEADER = YES;
				CLANG_WARN_RANGE_LOOP_ANALYSIS = YES;
				CLANG_WARN_STRICT_PROTOTYPES = YES;
				CLANG_WARN_SUSPICIOUS_MOVE = YES;
				CLANG_WARN_UNGUARDED_AVAILABILITY = YES_AGGRESSIVE;
				CLANG_WARN_UNREACHABLE_CODE = YES;
				CLANG_WARN__DUPLICATE_METHOD_MATCH = YES;
				COPY_PHASE_STRIP = NO;
				DEBUG_INFORMATION_FORMAT = "dwarf-with-dsym";
				ENABLE_NS_ASSERTIONS = NO;
				ENABLE_STRICT_OBJC_MSGSEND = YES;
				GCC_C_LANGUAGE_STANDARD = gnu11;
				GCC_NO_COMMON_BLOCKS = YES;
				GCC_WARN_64_TO_32_BIT_CONVERSION = YES;
				GCC_WARN_ABOUT_RETURN_TYPE = YES_ERROR;
				GCC_WARN_UNDECLARED_SELECTOR = YES;
				GCC_WARN_UNINITIALIZED_AUTOS = YES_AGGRESSIVE;
				GCC_WARN_UNUSED_FUNCTION = YES;
				GCC_WARN_UNUSED_VARIABLE = YES;
				MTL_ENABLE_DEBUG_INFO = NO;
				MTL_FAST_MATH = YES;
				SWIFT_COMPILATION_MODE = wholemodule;
				SWIFT_OPTIMIZATION_LEVEL = "-O";
			};
			name = Release;
		};
		FB1B484B277CE1920056D02C /* Debug */ = {
			isa = XCBuildConfiguration;
			buildSettings = {
				ASSETCATALOG_COMPILER_APPICON_NAME = AppIcon;
				ASSETCATALOG_COMPILER_GLOBAL_ACCENT_COLOR_NAME = AccentColor;
				CODE_SIGN_ENTITLEMENTS = iOS/iOS.entitlements;
				CODE_SIGN_IDENTITY = "Apple Development";
				CODE_SIGN_STYLE = Automatic;
				CURRENT_PROJECT_VERSION = 2;
				DEVELOPMENT_TEAM = RUJJBSYLD9;
				ENABLE_PREVIEWS = YES;
				GENERATE_INFOPLIST_FILE = YES;
				INFOPLIST_FILE = iOS/Info.plist;
				INFOPLIST_KEY_LSSupportsOpeningDocumentsInPlace = YES;
				INFOPLIST_KEY_NSPhotoLibraryUsageDescription = "Aidoku needs permission to save pages in your photo library";
				INFOPLIST_KEY_UIApplicationSupportsIndirectInputEvents = YES;
				INFOPLIST_KEY_UILaunchScreen_Generation = YES;
				INFOPLIST_KEY_UISupportedInterfaceOrientations_iPad = "UIInterfaceOrientationPortrait UIInterfaceOrientationPortraitUpsideDown UIInterfaceOrientationLandscapeLeft UIInterfaceOrientationLandscapeRight";
				INFOPLIST_KEY_UISupportedInterfaceOrientations_iPhone = "UIInterfaceOrientationPortrait UIInterfaceOrientationLandscapeLeft UIInterfaceOrientationLandscapeRight";
				IPHONEOS_DEPLOYMENT_TARGET = 14.0;
				LD_RUNPATH_SEARCH_PATHS = (
					"$(inherited)",
					"@executable_path/Frameworks",
				);
				MARKETING_VERSION = 0.1.1;
				PRODUCT_BUNDLE_IDENTIFIER = xyz.skitty.Aidoku;
				PRODUCT_NAME = Aidoku;
				PROVISIONING_PROFILE_SPECIFIER = "";
				SDKROOT = iphoneos;
				SWIFT_EMIT_LOC_STRINGS = YES;
				SWIFT_VERSION = 5.0;
				TARGETED_DEVICE_FAMILY = "1,2";
			};
			name = Debug;
		};
		FB1B484C277CE1920056D02C /* Release */ = {
			isa = XCBuildConfiguration;
			buildSettings = {
				ASSETCATALOG_COMPILER_APPICON_NAME = AppIcon;
				ASSETCATALOG_COMPILER_GLOBAL_ACCENT_COLOR_NAME = AccentColor;
				CODE_SIGN_ENTITLEMENTS = iOS/iOS.entitlements;
				CODE_SIGN_IDENTITY = "Apple Development";
				CODE_SIGN_STYLE = Automatic;
				CURRENT_PROJECT_VERSION = 2;
				DEVELOPMENT_TEAM = RUJJBSYLD9;
				ENABLE_PREVIEWS = YES;
				GENERATE_INFOPLIST_FILE = YES;
				INFOPLIST_FILE = iOS/Info.plist;
				INFOPLIST_KEY_LSSupportsOpeningDocumentsInPlace = YES;
				INFOPLIST_KEY_NSPhotoLibraryUsageDescription = "Aidoku needs permission to save pages in your photo library";
				INFOPLIST_KEY_UIApplicationSupportsIndirectInputEvents = YES;
				INFOPLIST_KEY_UILaunchScreen_Generation = YES;
				INFOPLIST_KEY_UISupportedInterfaceOrientations_iPad = "UIInterfaceOrientationPortrait UIInterfaceOrientationPortraitUpsideDown UIInterfaceOrientationLandscapeLeft UIInterfaceOrientationLandscapeRight";
				INFOPLIST_KEY_UISupportedInterfaceOrientations_iPhone = "UIInterfaceOrientationPortrait UIInterfaceOrientationLandscapeLeft UIInterfaceOrientationLandscapeRight";
				IPHONEOS_DEPLOYMENT_TARGET = 14.0;
				LD_RUNPATH_SEARCH_PATHS = (
					"$(inherited)",
					"@executable_path/Frameworks",
				);
				MARKETING_VERSION = 0.1.1;
				PRODUCT_BUNDLE_IDENTIFIER = xyz.skitty.Aidoku;
				PRODUCT_NAME = Aidoku;
				PROVISIONING_PROFILE_SPECIFIER = "";
				SDKROOT = iphoneos;
				SWIFT_EMIT_LOC_STRINGS = YES;
				SWIFT_VERSION = 5.0;
				TARGETED_DEVICE_FAMILY = "1,2";
				VALIDATE_PRODUCT = YES;
			};
			name = Release;
		};
		FB1B484E277CE1920056D02C /* Debug */ = {
			isa = XCBuildConfiguration;
			buildSettings = {
				ASSETCATALOG_COMPILER_APPICON_NAME = AppIcon;
				ASSETCATALOG_COMPILER_GLOBAL_ACCENT_COLOR_NAME = AccentColor;
				CODE_SIGN_ENTITLEMENTS = macOS/macOS.entitlements;
				CODE_SIGN_STYLE = Automatic;
				COMBINE_HIDPI_IMAGES = YES;
				CURRENT_PROJECT_VERSION = 1;
				DEVELOPMENT_TEAM = 7T4TYRQ8MT;
				ENABLE_HARDENED_RUNTIME = YES;
				ENABLE_PREVIEWS = YES;
				GENERATE_INFOPLIST_FILE = YES;
				INFOPLIST_KEY_NSHumanReadableCopyright = "";
				LD_RUNPATH_SEARCH_PATHS = (
					"$(inherited)",
					"@executable_path/../Frameworks",
				);
				MACOSX_DEPLOYMENT_TARGET = 11.0;
				MARKETING_VERSION = 0.1;
				PRODUCT_BUNDLE_IDENTIFIER = xyz.skitty.Aidoku;
				PRODUCT_NAME = Aidoku;
				SDKROOT = macosx;
				SWIFT_EMIT_LOC_STRINGS = YES;
				SWIFT_VERSION = 5.0;
			};
			name = Debug;
		};
		FB1B484F277CE1920056D02C /* Release */ = {
			isa = XCBuildConfiguration;
			buildSettings = {
				ASSETCATALOG_COMPILER_APPICON_NAME = AppIcon;
				ASSETCATALOG_COMPILER_GLOBAL_ACCENT_COLOR_NAME = AccentColor;
				CODE_SIGN_ENTITLEMENTS = macOS/macOS.entitlements;
				CODE_SIGN_STYLE = Automatic;
				COMBINE_HIDPI_IMAGES = YES;
				CURRENT_PROJECT_VERSION = 1;
				DEVELOPMENT_TEAM = 7T4TYRQ8MT;
				ENABLE_HARDENED_RUNTIME = YES;
				ENABLE_PREVIEWS = YES;
				GENERATE_INFOPLIST_FILE = YES;
				INFOPLIST_KEY_NSHumanReadableCopyright = "";
				LD_RUNPATH_SEARCH_PATHS = (
					"$(inherited)",
					"@executable_path/../Frameworks",
				);
				MACOSX_DEPLOYMENT_TARGET = 11.0;
				MARKETING_VERSION = 0.1;
				PRODUCT_BUNDLE_IDENTIFIER = xyz.skitty.Aidoku;
				PRODUCT_NAME = Aidoku;
				SDKROOT = macosx;
				SWIFT_EMIT_LOC_STRINGS = YES;
				SWIFT_VERSION = 5.0;
			};
			name = Release;
		};
/* End XCBuildConfiguration section */

/* Begin XCConfigurationList section */
		FB1B4829277CE18D0056D02C /* Build configuration list for PBXProject "Aidoku" */ = {
			isa = XCConfigurationList;
			buildConfigurations = (
				FB1B4848277CE1920056D02C /* Debug */,
				FB1B4849277CE1920056D02C /* Release */,
			);
			defaultConfigurationIsVisible = 0;
			defaultConfigurationName = Release;
		};
		FB1B484A277CE1920056D02C /* Build configuration list for PBXNativeTarget "Aidoku (iOS)" */ = {
			isa = XCConfigurationList;
			buildConfigurations = (
				FB1B484B277CE1920056D02C /* Debug */,
				FB1B484C277CE1920056D02C /* Release */,
			);
			defaultConfigurationIsVisible = 0;
			defaultConfigurationName = Release;
		};
		FB1B484D277CE1920056D02C /* Build configuration list for PBXNativeTarget "Aidoku (macOS)" */ = {
			isa = XCConfigurationList;
			buildConfigurations = (
				FB1B484E277CE1920056D02C /* Debug */,
				FB1B484F277CE1920056D02C /* Release */,
			);
			defaultConfigurationIsVisible = 0;
			defaultConfigurationName = Release;
		};
/* End XCConfigurationList section */

/* Begin XCRemoteSwiftPackageReference section */
		FB1B4872277CE7E60056D02C /* XCRemoteSwiftPackageReference "Kingfisher" */ = {
			isa = XCRemoteSwiftPackageReference;
			repositoryURL = "https://github.com/onevcat/Kingfisher.git";
			requirement = {
				kind = upToNextMajorVersion;
				minimumVersion = 7.0.0;
			};
		};
		FB31AD0D27AE18DA00D50410 /* XCRemoteSwiftPackageReference "SwiftSoup" */ = {
			isa = XCRemoteSwiftPackageReference;
			repositoryURL = "https://github.com/scinfu/SwiftSoup.git";
			requirement = {
				kind = upToNextMajorVersion;
				minimumVersion = 2.0.0;
			};
		};
		FB6340AF278E61600072A2A2 /* XCRemoteSwiftPackageReference "wasm-interpreter-apple" */ = {
			isa = XCRemoteSwiftPackageReference;
			repositoryURL = "https://github.com/Skittyblock/wasm-interpreter-apple.git";
			requirement = {
				branch = main;
				kind = branch;
			};
		};
		FB7B7ED6278CE949001E6EAF /* XCRemoteSwiftPackageReference "ZIPFoundation" */ = {
			isa = XCRemoteSwiftPackageReference;
			repositoryURL = "https://github.com/weichsel/ZIPFoundation.git";
			requirement = {
				kind = upToNextMajorVersion;
				minimumVersion = 0.9.9;
			};
		};
/* End XCRemoteSwiftPackageReference section */

/* Begin XCSwiftPackageProductDependency section */
		FB1B4873277CE7E60056D02C /* Kingfisher */ = {
			isa = XCSwiftPackageProductDependency;
			package = FB1B4872277CE7E60056D02C /* XCRemoteSwiftPackageReference "Kingfisher" */;
			productName = Kingfisher;
		};
		FB31AD0E27AE18DA00D50410 /* SwiftSoup */ = {
			isa = XCSwiftPackageProductDependency;
			package = FB31AD0D27AE18DA00D50410 /* XCRemoteSwiftPackageReference "SwiftSoup" */;
			productName = SwiftSoup;
		};
		FB6340B0278E61600072A2A2 /* WasmInterpreter */ = {
			isa = XCSwiftPackageProductDependency;
			package = FB6340AF278E61600072A2A2 /* XCRemoteSwiftPackageReference "wasm-interpreter-apple" */;
			productName = WasmInterpreter;
		};
		FB6340C6279246CF0072A2A2 /* WasmInterpreter */ = {
			isa = XCSwiftPackageProductDependency;
			package = FB6340AF278E61600072A2A2 /* XCRemoteSwiftPackageReference "wasm-interpreter-apple" */;
			productName = WasmInterpreter;
		};
		FB6340C8279246D50072A2A2 /* ZIPFoundation */ = {
			isa = XCSwiftPackageProductDependency;
			package = FB7B7ED6278CE949001E6EAF /* XCRemoteSwiftPackageReference "ZIPFoundation" */;
			productName = ZIPFoundation;
		};
		FB7B7ED7278CE949001E6EAF /* ZIPFoundation */ = {
			isa = XCSwiftPackageProductDependency;
			package = FB7B7ED6278CE949001E6EAF /* XCRemoteSwiftPackageReference "ZIPFoundation" */;
			productName = ZIPFoundation;
		};
		FBED233227C091D70095D0C0 /* SwiftSoup */ = {
			isa = XCSwiftPackageProductDependency;
			package = FB31AD0D27AE18DA00D50410 /* XCRemoteSwiftPackageReference "SwiftSoup" */;
			productName = SwiftSoup;
		};
/* End XCSwiftPackageProductDependency section */

/* Begin XCVersionGroup section */
		FB1B482B277CE18D0056D02C /* Aidoku.xcdatamodeld */ = {
			isa = XCVersionGroup;
			children = (
				FB1B482C277CE18D0056D02C /* Shared.xcdatamodel */,
			);
			currentVersion = FB1B482C277CE18D0056D02C /* Shared.xcdatamodel */;
			path = Aidoku.xcdatamodeld;
			sourceTree = "<group>";
			versionGroupType = wrapper.xcdatamodel;
		};
/* End XCVersionGroup section */
	};
	rootObject = FB1B4826277CE18D0056D02C /* Project object */;
}
