{
  "object": {
    "pins": [
      {
        "package": "CWasm3",
        "repositoryURL": "https://github.com/shareup/cwasm3.git",
        "state": {
          "branch": null,
          "revision": "38335527c3ae87017d2c8993816d0e9612d18fc7",
          "version": "0.5.1"
        }
      },
      {
        "package": "Kingfisher",
        "repositoryURL": "https://github.com/onevcat/Kingfisher.git",
        "state": {
          "branch": null,
          "revision": "0c02c46cfdc0656ce74fd0963a75e5000a0b7f23",
          "version": "7.1.2"
        }
      },
      {
        "package": "SwiftUIX",
        "repositoryURL": "https://github.com/SwiftUIX/SwiftUIX.git",
        "state": {
          "branch": null,
          "revision": "eb6a23fc4cc79545e40a8cf5c82119684750194f",
          "version": "0.1.1"
        }
      },
      {
        "package": "Synchronized",
        "repositoryURL": "https://github.com/shareup/synchronized.git",
        "state": {
          "branch": null,
          "revision": "f01e4a1ee5fbf586d612a8dc0bc068603f6b9450",
          "version": "3.0.0"
        }
      },
      {
        "package": "WasmInterpreter",
        "repositoryURL": "https://github.com/Skittyblock/wasm-interpreter-apple.git",
        "state": {
          "branch": "main",
          "revision": "ee921fa09fcb1aafcacfc1612c72659a8834378d",
          "version": null
        }
      },
      {
        "package": "ZIPFoundation",
        "repositoryURL": "https://github.com/weichsel/ZIPFoundation.git",
        "state": {
          "branch": null,
          "revision": "7254c74b49cec2cb81520523ba993c671f71b066",
          "version": "0.9.14"
        }
      }
    ]
  },
  "version": 1
}
